{
  "lockfileVersion": 1,
  "configVersion": 0,
  "workspaces": {
    "": {
      "name": "apple-protocols",
      "devDependencies": {
        "@basmilius/tools": "^2.29.0",
        "@types/bun": "^1.3.9",
        "@typescript/native-preview": "^7.0.0-dev.20260301.1",
      },
    },
    "packages/airplay": {
      "name": "@basmilius/apple-airplay",
      "version": "0.0.0",
      "dependencies": {
        "@basmilius/apple-common": "workspace:*",
        "@basmilius/apple-encoding": "workspace:*",
        "@basmilius/apple-encryption": "workspace:*",
      },
      "devDependencies": {
        "@bufbuild/buf": "^1.66.0",
        "@bufbuild/protobuf": "^2.11.0",
        "@bufbuild/protoc-gen-es": "^2.11.0",
        "@types/bun": "^1.3.9",
        "tsdown": "^0.21.0-beta.2",
      },
    },
    "packages/audio-source": {
      "name": "@basmilius/apple-audio-source",
      "version": "0.0.0",
      "dependencies": {
        "@basmilius/apple-common": "workspace:*",
      },
      "devDependencies": {
        "@types/bun": "^1.3.9",
        "@wasm-audio-decoders/flac": "^0.2.4",
        "@wasm-audio-decoders/ogg-vorbis": "^0.1.15",
        "audio-buffer": "^5.0.0",
        "audio-type": "^2.2.1",
        "mpg123-decoder": "^1.0.0",
        "node-wav": "^0.0.2",
        "qoa-format": "^1.0.1",
        "tsdown": "^0.21.0-beta.2",
      },
    },
    "packages/common": {
      "name": "@basmilius/apple-common",
      "version": "0.0.0",
      "dependencies": {
        "@basmilius/apple-encoding": "workspace:*",
        "@basmilius/apple-encryption": "workspace:*",
        "fast-srp-hap": "^2.0.4",
      },
      "devDependencies": {
        "@types/bun": "^1.3.9",
        "tsdown": "^0.21.0-beta.2",
        "uuid": "^13.0.0",
      },
    },
    "packages/companion-link": {
      "name": "@basmilius/apple-companion-link",
      "version": "0.0.0",
      "dependencies": {
        "@basmilius/apple-common": "workspace:*",
        "@basmilius/apple-encoding": "workspace:*",
        "@basmilius/apple-encryption": "workspace:*",
      },
      "devDependencies": {
        "@types/bun": "^1.3.9",
        "tsdown": "^0.21.0-beta.2",
      },
    },
    "packages/devices": {
      "name": "@basmilius/apple-devices",
      "version": "0.0.0",
      "dependencies": {
        "@basmilius/apple-airplay": "workspace:*",
        "@basmilius/apple-common": "workspace:*",
        "@basmilius/apple-companion-link": "workspace:*",
        "@basmilius/apple-encoding": "workspace:*",
      },
      "devDependencies": {
        "@types/bun": "^1.3.9",
        "@types/lodash-es": "^4.17.12",
        "lodash-es": "^4.17.23",
        "tsdown": "^0.21.0-beta.2",
      },
    },
    "packages/diagnostics": {
      "name": "@basmilius/apple-diagnostics",
      "version": "0.0.0",
      "dependencies": {
        "@basmilius/apple-airplay": "workspace:*",
        "@basmilius/apple-audio-source": "workspace:*",
        "@basmilius/apple-common": "workspace:*",
        "@basmilius/apple-companion-link": "workspace:*",
        "@basmilius/apple-devices": "workspace:*",
        "@basmilius/apple-encoding": "workspace:*",
        "@basmilius/apple-encryption": "workspace:*",
        "@basmilius/apple-raop": "workspace:*",
        "enquirer": "^2.4.1",
        "ora": "^9.3.0",
      },
      "devDependencies": {
        "@basmilius/tools": "^2.29.0",
        "@types/bun": "^1.3.9",
      },
    },
    "packages/encoding": {
      "name": "@basmilius/apple-encoding",
      "version": "0.0.0",
      "devDependencies": {
        "@plist/binary.parse": "^1.1.0",
        "@plist/binary.serialize": "^1.1.0",
        "@types/bun": "^1.3.9",
        "tsdown": "^0.21.0-beta.2",
      },
    },
    "packages/encryption": {
      "name": "@basmilius/apple-encryption",
      "version": "0.0.0",
      "devDependencies": {
        "@stablelib/chacha20poly1305": "^2.0.1",
        "@types/bun": "^1.3.9",
        "tsdown": "^0.21.0-beta.2",
        "tweetnacl": "^1.0.3",
      },
    },
    "packages/raop": {
      "name": "@basmilius/apple-raop",
      "version": "0.0.0",
      "dependencies": {
        "@basmilius/apple-common": "workspace:*",
        "@basmilius/apple-encoding": "workspace:*",
        "@basmilius/apple-encryption": "workspace:*",
      },
      "devDependencies": {
        "@types/bun": "^1.3.9",
        "tsdown": "^0.21.0-beta.2",
      },
    },
  },
  "packages": {
    "@babel/generator": ["@babel/generator@8.0.0-rc.1", "", { "dependencies": { "@babel/parser": "^8.0.0-rc.1", "@babel/types": "^8.0.0-rc.1", "@jridgewell/gen-mapping": "^0.3.12", "@jridgewell/trace-mapping": "^0.3.28", "@types/jsesc": "^2.5.0", "jsesc": "^3.0.2" } }, "sha512-3ypWOOiC4AYHKr8vYRVtWtWmyvcoItHtVqF8paFax+ydpmUdPsJpLBkBBs5ItmhdrwC3a0ZSqqFAdzls4ODP3w=="],

    "@babel/helper-string-parser": ["@babel/helper-string-parser@8.0.0-rc.2", "", {}, "sha512-noLx87RwlBEMrTzncWd/FvTxoJ9+ycHNg0n8yyYydIoDsLZuxknKgWRJUqcrVkNrJ74uGyhWQzQaS3q8xfGAhQ=="],

    "@babel/helper-validator-identifier": ["@babel/helper-validator-identifier@8.0.0-rc.1", "", {}, "sha512-I4YnARytXC2RzkLNVnf5qFNFMzp679qZpmtw/V3Jt2uGnWiIxyJtaukjG7R8pSx8nG2NamICpGfljQsogj+FbQ=="],

    "@babel/parser": ["@babel/parser@8.0.0-rc.1", "", { "dependencies": { "@babel/types": "^8.0.0-rc.1" }, "bin": "./bin/babel-parser.js" }, "sha512-6HyyU5l1yK/7h9Ki52i5h6mDAx4qJdiLQO4FdCyJNoB/gy3T3GGJdhQzzbZgvgZCugYBvwtQiWRt94QKedHnkA=="],

    "@babel/types": ["@babel/types@8.0.0-rc.1", "", { "dependencies": { "@babel/helper-string-parser": "^8.0.0-rc.1", "@babel/helper-validator-identifier": "^8.0.0-rc.1" } }, "sha512-ubmJ6TShyaD69VE9DQrlXcdkvJbmwWPB8qYj0H2kaJi29O7vJT9ajSdBd2W8CG34pwL9pYA74fi7RHC1qbLoVQ=="],

    "@basmilius/apple-airplay": ["@basmilius/apple-airplay@workspace:packages/airplay"],

    "@basmilius/apple-audio-source": ["@basmilius/apple-audio-source@workspace:packages/audio-source"],

    "@basmilius/apple-common": ["@basmilius/apple-common@workspace:packages/common"],

    "@basmilius/apple-companion-link": ["@basmilius/apple-companion-link@workspace:packages/companion-link"],

    "@basmilius/apple-devices": ["@basmilius/apple-devices@workspace:packages/devices"],

    "@basmilius/apple-diagnostics": ["@basmilius/apple-diagnostics@workspace:packages/diagnostics"],

    "@basmilius/apple-encoding": ["@basmilius/apple-encoding@workspace:packages/encoding"],

    "@basmilius/apple-encryption": ["@basmilius/apple-encryption@workspace:packages/encryption"],

    "@basmilius/apple-raop": ["@basmilius/apple-raop@workspace:packages/raop"],

    "@basmilius/tools": ["@basmilius/tools@2.29.0", "", { "dependencies": { "oxc-transform": "^0.114.0" } }, "sha512-7TAhRErXc3qwYMiVnDIfLz5RC4BPCjurSMo7rIlnQ33a6zGCeBfQVknfzgqmha/Y5Qxfeols9+2cllHvgFPiFg=="],

    "@bufbuild/buf": ["@bufbuild/buf@1.66.0", "", { "optionalDependencies": { "@bufbuild/buf-darwin-arm64": "1.66.0", "@bufbuild/buf-darwin-x64": "1.66.0", "@bufbuild/buf-linux-aarch64": "1.66.0", "@bufbuild/buf-linux-armv7": "1.66.0", "@bufbuild/buf-linux-x64": "1.66.0", "@bufbuild/buf-win32-arm64": "1.66.0", "@bufbuild/buf-win32-x64": "1.66.0" }, "bin": { "buf": "bin/buf", "protoc-gen-buf-breaking": "bin/protoc-gen-buf-breaking", "protoc-gen-buf-lint": "bin/protoc-gen-buf-lint" } }, "sha512-JSZT6OT8uKG2frScYNOS3Y4E+7wg1KSPQMKfLlbZZFnBoXwMqDdsxQF7O5ucameU+3DKRs+yQFI8tNQjFJ5T2g=="],

    "@bufbuild/buf-darwin-arm64": ["@bufbuild/buf-darwin-arm64@1.66.0", "", { "os": "darwin", "cpu": "arm64" }, "sha512-C9orXX4SSVYKEumWFEO2T6xKrXsrvij0uS8kR20sHt9MYuFke14y6DfnAvXINPZrNpDiyOTldG7BPQtR40poRw=="],

    "@bufbuild/buf-darwin-x64": ["@bufbuild/buf-darwin-x64@1.66.0", "", { "os": "darwin", "cpu": "x64" }, "sha512-5I33S9UbimoBNCpOdMsmJHcW9NfxzKW5PsVrSyajpo+LL22Lfyha2ZO3JNhT/k3ZlGVvtpDAS9pRS0ouNKmGgA=="],

    "@bufbuild/buf-linux-aarch64": ["@bufbuild/buf-linux-aarch64@1.66.0", "", { "os": "linux", "cpu": "arm64" }, "sha512-KFz9HukP3ACKfSe0fo+XbxndQR0kKCVLVfUkoc6qPUTrKn9lACnah6HlUtBlwanK95vg+MIMvy0DWoLYUX9cuA=="],

    "@bufbuild/buf-linux-armv7": ["@bufbuild/buf-linux-armv7@1.66.0", "", { "os": "linux", "cpu": "arm" }, "sha512-W56iEZtnqB4ww9JCyhIipPrwZVe/zQ5I0pmWrJF8Daw67qvRYtvP3NSxtF5f0yAoB0tQAXDoqIiB/Ypl1UOz0g=="],

    "@bufbuild/buf-linux-x64": ["@bufbuild/buf-linux-x64@1.66.0", "", { "os": "linux", "cpu": "x64" }, "sha512-6AYYyc2O32jnDjjHbyW9Oqcehd+PMw+34qVo+wGfaEgGwC+fyoL2oxcEmzsPyEvhY4mkYJRXaCb8p90Ndzd2vQ=="],

    "@bufbuild/buf-win32-arm64": ["@bufbuild/buf-win32-arm64@1.66.0", "", { "os": "win32", "cpu": "arm64" }, "sha512-S+CD5NZ6q0HCI0g0PTVypjSQ63LsLm1Svd7yG1MjKz9mQ83Vl6rYXuzmYYVi2cww7w5tDew8sYASZETewvEuxg=="],

    "@bufbuild/buf-win32-x64": ["@bufbuild/buf-win32-x64@1.66.0", "", { "os": "win32", "cpu": "x64" }, "sha512-uSPoWRaX8Qd5pHZt6zzRuZXr4Sdbqe4Pm1PmMax/SGUPacVpH1v9AGX1/BTgx+g+b4vLS5T4SGxTl9ngkQaY3Q=="],

    "@bufbuild/protobuf": ["@bufbuild/protobuf@2.11.0", "", {}, "sha512-sBXGT13cpmPR5BMgHE6UEEfEaShh5Ror6rfN3yEK5si7QVrtZg8LEPQb0VVhiLRUslD2yLnXtnRzG035J/mZXQ=="],

    "@bufbuild/protoc-gen-es": ["@bufbuild/protoc-gen-es@2.11.0", "", { "dependencies": { "@bufbuild/protobuf": "2.11.0", "@bufbuild/protoplugin": "2.11.0" }, "bin": { "protoc-gen-es": "bin/protoc-gen-es" } }, "sha512-VzQuwEQDXipbZ1soWUuAWm1Z0C3B/IDWGeysnbX6ogJ6As91C2mdvAND/ekQ4YIWgen4d5nqLfIBOWLqCCjYUA=="],

    "@bufbuild/protoplugin": ["@bufbuild/protoplugin@2.11.0", "", { "dependencies": { "@bufbuild/protobuf": "2.11.0", "@typescript/vfs": "^1.6.2", "typescript": "5.4.5" } }, "sha512-lyZVNFUHArIOt4W0+dwYBe5GBwbKzbOy8ObaloEqsw9Mmiwv2O48TwddDoHN4itylC+BaEGqFdI1W8WQt2vWJQ=="],

    "@emnapi/core": ["@emnapi/core@1.7.1", "", { "dependencies": { "@emnapi/wasi-threads": "1.1.0", "tslib": "^2.4.0" } }, "sha512-o1uhUASyo921r2XtHYOHy7gdkGLge8ghBEQHMWmyJFoXlpU58kIrhhN3w26lpQb6dspetweapMn2CSNwQ8I4wg=="],

    "@emnapi/runtime": ["@emnapi/runtime@1.7.1", "", { "dependencies": { "tslib": "^2.4.0" } }, "sha512-PVtJr5CmLwYAU9PZDMITZoR5iAOShYREoR45EyyLrbntV50mdePTgUn4AmOw90Ifcj+x2kRjdzr1HP3RrNiHGA=="],

    "@emnapi/wasi-threads": ["@emnapi/wasi-threads@1.1.0", "", { "dependencies": { "tslib": "^2.4.0" } }, "sha512-WI0DdZ8xFSbgMjR1sFsKABJ/C5OnRrjT06JXbZKexJGrDuPTzZdDYfFlsgcCXCyf+suG5QU2e/y1Wo2V/OapLQ=="],

    "@eshaz/web-worker": ["@eshaz/web-worker@1.2.2", "", {}, "sha512-WxXiHFmD9u/owrzempiDlBB1ZYqiLnm9s6aPc8AlFQalq2tKmqdmMr9GXOupDgzXtqnBipj8Un0gkIm7Sjf8mw=="],

    "@jridgewell/gen-mapping": ["@jridgewell/gen-mapping@0.3.13", "", { "dependencies": { "@jridgewell/sourcemap-codec": "^1.5.0", "@jridgewell/trace-mapping": "^0.3.24" } }, "sha512-2kkt/7niJ6MgEPxF0bYdQ6etZaA+fQvDcLKckhy1yIQOzaoKjBBjSj63/aLVjYE3qhRt5dvM+uUyfCg6UKCBbA=="],

    "@jridgewell/resolve-uri": ["@jridgewell/resolve-uri@3.1.2", "", {}, "sha512-bRISgCIjP20/tbWSPWMEi54QVPRZExkuD9lJL+UIxUKtwVJA8wW1Trb1jMs1RFXo1CBTNZ/5hpC9QvmKWdopKw=="],

    "@jridgewell/sourcemap-codec": ["@jridgewell/sourcemap-codec@1.5.5", "", {}, "sha512-cYQ9310grqxueWbl+WuIUIaiUaDcj7WOq5fVhEljNVgRfOUhY9fy2zTvfoqWsnebh8Sl70VScFbICvJnLKB0Og=="],

    "@jridgewell/trace-mapping": ["@jridgewell/trace-mapping@0.3.31", "", { "dependencies": { "@jridgewell/resolve-uri": "^3.1.0", "@jridgewell/sourcemap-codec": "^1.4.14" } }, "sha512-zzNR+SdQSDJzc8joaeP8QQoCQr8NuYx2dIIytl1QeBEZHJ9uW6hebsrYgbz8hJwUQao3TWCMtmfV8Nu1twOLAw=="],

    "@napi-rs/wasm-runtime": ["@napi-rs/wasm-runtime@1.1.1", "", { "dependencies": { "@emnapi/core": "^1.7.1", "@emnapi/runtime": "^1.7.1", "@tybys/wasm-util": "^0.10.1" } }, "sha512-p64ah1M1ld8xjWv3qbvFwHiFVWrq1yFvV4f7w+mzaqiR4IlSgkqhcRdHwsGgomwzBH51sRY4NEowLxnaBjcW/A=="],

    "@oxc-project/types": ["@oxc-project/types@0.114.0", "", {}, "sha512-//nBfbzHQHvJs8oFIjv6coZ6uxQ4alLfiPe6D5vit6c4pmxATHHlVwgB1k+Hv4yoAMyncdxgRBF5K4BYWUCzvA=="],

    "@oxc-transform/binding-android-arm-eabi": ["@oxc-transform/binding-android-arm-eabi@0.114.0", "", { "os": "android", "cpu": "arm" }, "sha512-8Kfcjo66OU3Y9UxfMoa629/UT37ogOWbwqcUKXb3wD6bcAA3Gez8I0qnOJQOwtLr4ZOhP9jvYFTwiVyGO8s7Hg=="],

    "@oxc-transform/binding-android-arm64": ["@oxc-transform/binding-android-arm64@0.114.0", "", { "os": "android", "cpu": "arm64" }, "sha512-Z4REVcSbf6VK5ygKL5QPfz6cdq3A2MOi7p+V63k1usWKbV71otHG32bNrdJ4Djpkcimt4x/6cntwno2Wxna4pQ=="],

    "@oxc-transform/binding-darwin-arm64": ["@oxc-transform/binding-darwin-arm64@0.114.0", "", { "os": "darwin", "cpu": "arm64" }, "sha512-aeilskCknKFFYrT72TjzNe7zvNfRykDPegtstiDovHqGJfOimIVXbEilnYGXMWQp7mfRhMU/w8gWL22T6SeuSw=="],

    "@oxc-transform/binding-darwin-x64": ["@oxc-transform/binding-darwin-x64@0.114.0", "", { "os": "darwin", "cpu": "x64" }, "sha512-V8YtbjLFHS8IyRG/c2eYv7yOUSWKgfyKO/EjaJQ1SjM55Eqdxt0INuknscDBteLanL0tg6iKAMxZt4BDom05GQ=="],

    "@oxc-transform/binding-freebsd-x64": ["@oxc-transform/binding-freebsd-x64@0.114.0", "", { "os": "freebsd", "cpu": "x64" }, "sha512-9G8MpVmfCZ/aMVykKh/mrt6Q2CjyPkUdKml5AMXd2E8UK7q10m3hgPtLVlGLBtZy19/vo5yvOh3MwgHGhuMfpg=="],

    "@oxc-transform/binding-linux-arm-gnueabihf": ["@oxc-transform/binding-linux-arm-gnueabihf@0.114.0", "", { "os": "linux", "cpu": "arm" }, "sha512-X3WkZ58FzEEeWpl6vH/jL2zXJvdwlpe9rmD4gxIFS62O2P4rXn9S+CHQnwIGxvLpwWosesBeyOyGNcmTEWW8hQ=="],

    "@oxc-transform/binding-linux-arm-musleabihf": ["@oxc-transform/binding-linux-arm-musleabihf@0.114.0", "", { "os": "linux", "cpu": "arm" }, "sha512-VeAKu6l83VQ0YqLXAbDjR2VGHK4dJuahliR4GeB54CwPUCA0TcuIA86jcez9b1Pw0o7FSkFab/JkLrmglw/ZJw=="],

    "@oxc-transform/binding-linux-arm64-gnu": ["@oxc-transform/binding-linux-arm64-gnu@0.114.0", "", { "os": "linux", "cpu": "arm64" }, "sha512-PRu2TmmkwuFQg646grmUbsbEqvfX9aUwWvMsILvHv7HbCBmD7VxqURLR0UyH8jaj0/qcXezjUsc0o5DOLBIYvQ=="],

    "@oxc-transform/binding-linux-arm64-musl": ["@oxc-transform/binding-linux-arm64-musl@0.114.0", "", { "os": "linux", "cpu": "arm64" }, "sha512-g17OTcSLuhehKuyfTWWzW/V4xFlOqhyCPWyCjxFOAYFEgNL0B+606pCkjnggpQCb+7YbGmFOuHAJS37H09ewbg=="],

    "@oxc-transform/binding-linux-ppc64-gnu": ["@oxc-transform/binding-linux-ppc64-gnu@0.114.0", "", { "os": "linux", "cpu": "ppc64" }, "sha512-ubYwfTMWh28xUmuzOHK2dPBPmr8g0RB5H37tp/mXmWXjflQWhIzE+aAuLHZXlVDCRx9dfVwqCvRGBbGzdBprDg=="],

    "@oxc-transform/binding-linux-riscv64-gnu": ["@oxc-transform/binding-linux-riscv64-gnu@0.114.0", "", { "os": "linux", "cpu": "none" }, "sha512-+tzWB5DLK9ia9UQiHjKmFSsihnbfhjEmHjnmm2I3YYhBzb6QJ5bfbHswbompqNGPD7c4VkdSzJo4eGXbbMmaZw=="],

    "@oxc-transform/binding-linux-riscv64-musl": ["@oxc-transform/binding-linux-riscv64-musl@0.114.0", "", { "os": "linux", "cpu": "none" }, "sha512-TwsluoXc0520G07ZOaqYx0xzjEveIaIwbHjiXBG9S5yJ5m79oeeK6h1ER5IfZRGPXvItT50k0wnZ7q4E6Cxqfw=="],

    "@oxc-transform/binding-linux-s390x-gnu": ["@oxc-transform/binding-linux-s390x-gnu@0.114.0", "", { "os": "linux", "cpu": "s390x" }, "sha512-cjdg8vVEUM6e7KzHlG4u2UiTelPio7dvoGj0GJVlFN/cUi3eprp7eLEELFQ/pFWhxlZUNkFJ+SY7p+KCwj2O2g=="],

    "@oxc-transform/binding-linux-x64-gnu": ["@oxc-transform/binding-linux-x64-gnu@0.114.0", "", { "os": "linux", "cpu": "x64" }, "sha512-cJabHBy/gVQKYxFKbP6qdwnsuqqkqLG5Axk7gkh6YzDnVXuFPBJpH8W1OeIBPPgxUW9/KPoG+oc+bsxUT6GqJg=="],

    "@oxc-transform/binding-linux-x64-musl": ["@oxc-transform/binding-linux-x64-musl@0.114.0", "", { "os": "linux", "cpu": "x64" }, "sha512-4+EIl4rJ7To2dASvBTyHIr+6ylXEhoakUeoLy9OADmtScZI+vy1ugdptXQz6g0XAbg8S7r3+XK3HlTImJQYy4Q=="],

    "@oxc-transform/binding-openharmony-arm64": ["@oxc-transform/binding-openharmony-arm64@0.114.0", "", { "os": "none", "cpu": "arm64" }, "sha512-onpjJMw48IUtsUV+2BlXNtGgq/zT7p9NFNv5E/4pMhgaDySoNoKJ8vJrY93DAf1m3ScnR847qFCCA074sbBdTw=="],

    "@oxc-transform/binding-wasm32-wasi": ["@oxc-transform/binding-wasm32-wasi@0.114.0", "", { "dependencies": { "@napi-rs/wasm-runtime": "^1.1.1" }, "cpu": "none" }, "sha512-L9rLIqYhAXwzcGM8k3GfDdJf87D+MGJjhV4rHV1TP6WKcTy2nEmhYs7O4bpj6uVKRZ8K+/P2t98tF8/EXUmN+w=="],

    "@oxc-transform/binding-win32-arm64-msvc": ["@oxc-transform/binding-win32-arm64-msvc@0.114.0", "", { "os": "win32", "cpu": "arm64" }, "sha512-lB/ZvO3H3JJQcyS2iXVm2J9FKJG7cWiWIL4NzUNPTQe9Nl9nrbROvvS5oU2BGuf3/ZsIzNNTVW+HlumT3dgVmA=="],

    "@oxc-transform/binding-win32-ia32-msvc": ["@oxc-transform/binding-win32-ia32-msvc@0.114.0", "", { "os": "win32", "cpu": "ia32" }, "sha512-j9C5vbs803+wbtpjEoic/jFdgM2YpNkXlSVmGDqdlTKpnXUZ/Tka7gSNCk6YdPIjgedROPpfH2E0pGNyjasLVA=="],

    "@oxc-transform/binding-win32-x64-msvc": ["@oxc-transform/binding-win32-x64-msvc@0.114.0", "", { "os": "win32", "cpu": "x64" }, "sha512-hkDBn4l8dc0t3mpEI0BQhzHN7KdgUoXJhsw6VWsUlewMIICc4pL38MS9ke/PenU4O9Z0L8AePWJ5IYub+gNVgg=="],

    "@plist/binary.parse": ["@plist/binary.parse@1.1.0", "", { "dependencies": { "@plist/common": "^1.1.0" } }, "sha512-0Bkyt9rCZnlEHQghafWStePBMquIne+9Z9nFTns8OF3ku4QsQ2HMdSSM1MvQfc+6JOU0Q5JlGvAPEUtP9meFsw=="],

    "@plist/binary.serialize": ["@plist/binary.serialize@1.1.0", "", { "dependencies": { "@plist/common": "^1.1.0" } }, "sha512-+CveX99bM1fqlxIaGyD7YbKLpK411qjAW8FHpCuigUyxLTgo28WOXEBxrYaUZGuMPEv6fsDI5e+E2pLvRfcdtA=="],

    "@plist/common": ["@plist/common@1.1.0", "", {}, "sha512-zZAx3dLVsDaW/ulxCbHS3ptVUnO5XEPQ75UPyNJpwPdv9ViWLYXQmbYNmFR8thKpw067RAORuQpBWHvKPffvIg=="],

    "@quansync/fs": ["@quansync/fs@1.0.0", "", { "dependencies": { "quansync": "^1.0.0" } }, "sha512-4TJ3DFtlf1L5LDMaM6CanJ/0lckGNtJcMjQ1NAV6zDmA0tEHKZtxNKin8EgPaVX1YzljbxckyT2tJrpQKAtngQ=="],

    "@rolldown/binding-android-arm64": ["@rolldown/binding-android-arm64@1.0.0-rc.5", "", { "os": "android", "cpu": "arm64" }, "sha512-zCEmUrt1bggwgBgeKLxNj217J1OrChrp3jJt24VK9jAharSTeVaHODNL+LpcQVhRz+FktYWfT9cjo5oZ99ZLpg=="],

    "@rolldown/binding-darwin-arm64": ["@rolldown/binding-darwin-arm64@1.0.0-rc.5", "", { "os": "darwin", "cpu": "arm64" }, "sha512-ZP9xb9lPAex36pvkNWCjSEJW/Gfdm9I3ssiqOFLmpZ/vosPXgpoGxCmh+dX1Qs+/bWQE6toNFXWWL8vYoKoK9Q=="],

    "@rolldown/binding-darwin-x64": ["@rolldown/binding-darwin-x64@1.0.0-rc.5", "", { "os": "darwin", "cpu": "x64" }, "sha512-7IdrPunf6dp9mywMgTOKMMGDnMHQ6+h5gRl6LW8rhD8WK2kXX0IwzcM5Zc0B5J7xQs8QWOlKjv8BJsU/1CD3pg=="],

    "@rolldown/binding-freebsd-x64": ["@rolldown/binding-freebsd-x64@1.0.0-rc.5", "", { "os": "freebsd", "cpu": "x64" }, "sha512-o/JCk+dL0IN68EBhZ4DqfsfvxPfMeoM6cJtxORC1YYoxGHZyth2Kb2maXDb4oddw2wu8iIbnYXYPEzBtAF5CAg=="],

    "@rolldown/binding-linux-arm-gnueabihf": ["@rolldown/binding-linux-arm-gnueabihf@1.0.0-rc.5", "", { "os": "linux", "cpu": "arm" }, "sha512-IIBwTtA6VwxQLcEgq2mfrUgam7VvPZjhd/jxmeS1npM+edWsrrpRLHUdze+sk4rhb8/xpP3flemgcZXXUW6ukw=="],

    "@rolldown/binding-linux-arm64-gnu": ["@rolldown/binding-linux-arm64-gnu@1.0.0-rc.5", "", { "os": "linux", "cpu": "arm64" }, "sha512-KSol1De1spMZL+Xg7K5IBWXIvRWv7+pveaxFWXpezezAG7CS6ojzRjtCGCiLxQricutTAi/LkNWKMsd2wNhMKQ=="],

    "@rolldown/binding-linux-arm64-musl": ["@rolldown/binding-linux-arm64-musl@1.0.0-rc.5", "", { "os": "linux", "cpu": "arm64" }, "sha512-WFljyDkxtXRlWxMjxeegf7xMYXxUr8u7JdXlOEWKYgDqEgxUnSEsVDxBiNWQ1D5kQKwf8Wo4sVKEYPRhCdsjwA=="],

    "@rolldown/binding-linux-x64-gnu": ["@rolldown/binding-linux-x64-gnu@1.0.0-rc.5", "", { "os": "linux", "cpu": "x64" }, "sha512-CUlplTujmbDWp2gamvrqVKi2Or8lmngXT1WxsizJfts7JrvfGhZObciaY/+CbdbS9qNnskvwMZNEhTPrn7b+WA=="],

    "@rolldown/binding-linux-x64-musl": ["@rolldown/binding-linux-x64-musl@1.0.0-rc.5", "", { "os": "linux", "cpu": "x64" }, "sha512-wdf7g9NbVZCeAo2iGhsjJb7I8ZFfs6X8bumfrWg82VK+8P6AlLXwk48a1ASiJQDTS7Svq2xVzZg3sGO2aXpHRA=="],

    "@rolldown/binding-openharmony-arm64": ["@rolldown/binding-openharmony-arm64@1.0.0-rc.5", "", { "os": "none", "cpu": "arm64" }, "sha512-0CWY7ubu12nhzz+tkpHjoG3IRSTlWYe0wrfJRf4qqjqQSGtAYgoL9kwzdvlhaFdZ5ffVeyYw9qLsChcjUMEloQ=="],

    "@rolldown/binding-wasm32-wasi": ["@rolldown/binding-wasm32-wasi@1.0.0-rc.5", "", { "dependencies": { "@napi-rs/wasm-runtime": "^1.1.1" }, "cpu": "none" }, "sha512-LztXnGzv6t2u830mnZrFLRVqT/DPJ9DL4ZTz/y93rqUVkeHjMMYIYaFj+BUthiYxbVH9dH0SZYufETspKY/NhA=="],

    "@rolldown/binding-win32-arm64-msvc": ["@rolldown/binding-win32-arm64-msvc@1.0.0-rc.5", "", { "os": "win32", "cpu": "arm64" }, "sha512-jUct1XVeGtyjqJXEAfvdFa8xoigYZ2rge7nYEm70ppQxpfH9ze2fbIrpHmP2tNM2vL/F6Dd0CpXhpjPbC6bSxQ=="],

    "@rolldown/binding-win32-x64-msvc": ["@rolldown/binding-win32-x64-msvc@1.0.0-rc.5", "", { "os": "win32", "cpu": "x64" }, "sha512-VQ8F9ld5gw29epjnVGdrx8ugiLTe8BMqmhDYy7nGbdeDo4HAt4bgdZvLbViEhg7DZyHLpiEUlO5/jPSUrIuxRQ=="],

    "@rolldown/pluginutils": ["@rolldown/pluginutils@1.0.0-rc.5", "", {}, "sha512-RxlLX/DPoarZ9PtxVrQgZhPoor987YtKQqCo5zkjX+0S0yLJ7Vv515Wk6+xtTL67VONKJKxETWZwuZjss2idYw=="],

    "@stablelib/aead": ["@stablelib/aead@2.0.0", "", {}, "sha512-U/RMANRxbT/ahIpYsPSiFwDFNjADHdnCFfmo09MO1ai2XmerPAOPtMl0qmX7XVvygnACC6ijKDyHBoT2rGyElg=="],

    "@stablelib/binary": ["@stablelib/binary@2.0.1", "", { "dependencies": { "@stablelib/int": "^2.0.1" } }, "sha512-U9iAO8lXgEDONsA0zPPSgcf3HUBNAqHiJmSHgZz62OvC3Hi2Bhc5kTnQ3S1/L+sthDTHtCMhcEiklmIly6uQ3w=="],

    "@stablelib/chacha": ["@stablelib/chacha@2.0.1", "", { "dependencies": { "@stablelib/binary": "^2.0.1", "@stablelib/wipe": "^2.0.1" } }, "sha512-lS1FqtNqofxe2vLkRsLli2m3x/XanUyAYRphLhdHumKeIsLbjbCXdCq3Pf/eWiO7G3QlSG5ViqnoVjktzfLWMg=="],

    "@stablelib/chacha20poly1305": ["@stablelib/chacha20poly1305@2.0.1", "", { "dependencies": { "@stablelib/aead": "^2.0.0", "@stablelib/binary": "^2.0.1", "@stablelib/chacha": "^2.0.1", "@stablelib/constant-time": "^2.0.1", "@stablelib/poly1305": "^2.0.1", "@stablelib/wipe": "^2.0.1" } }, "sha512-kOoBsXbDPVRlelzXl+5WViycgM19lD7lF3Bc3KWI+DzId0Stc2HlxAfSc+Xpn3RgqSCl1ZNTXr33LegqBhBBaw=="],

    "@stablelib/constant-time": ["@stablelib/constant-time@2.0.1", "", {}, "sha512-0NWPogffRm+UWBH0+iM5otZmNrVe5OHFIvyoNIVankMAYOQzMwcdVALOVPrB5Ho0dST+Oc3H8/hPh65Z8R/uew=="],

    "@stablelib/int": ["@stablelib/int@2.0.1", "", {}, "sha512-Ht63fQp3wz/F8U4AlXEPb7hfJOIILs8Lq55jgtD7KueWtyjhVuzcsGLSTAWtZs3XJDZYdF1WcSKn+kBtbzupww=="],

    "@stablelib/poly1305": ["@stablelib/poly1305@2.0.1", "", { "dependencies": { "@stablelib/constant-time": "^2.0.1", "@stablelib/wipe": "^2.0.1" } }, "sha512-D8xfZcL/5zeVARJ9I2fZOUCnZvsJx8G4JDQvD+ecsnaCildPtqZDwqqjtOc4cfHAdScrMjOzUVsssjXUTBw3YQ=="],

    "@stablelib/wipe": ["@stablelib/wipe@2.0.1", "", {}, "sha512-1eU2K9EgOcV4qc9jcP6G72xxZxEm5PfeI5H55l08W95b4oRJaqhmlWRc4xZAm6IVSKhVNxMi66V67hCzzuMTAg=="],

    "@thi.ng/bitstream": ["@thi.ng/bitstream@2.4.39", "", { "dependencies": { "@thi.ng/errors": "^2.6.2" } }, "sha512-VhdYiBqoSpCXil4BGMgHr6fS0i1uGWTqE2oszd453bDmAdthc24VUvzZoKu7GorLopOJwrnkhpcAl5004hpYaw=="],

    "@thi.ng/errors": ["@thi.ng/errors@2.6.2", "", {}, "sha512-YN89WmgOhAnK5/2gI9LckplmQCYld6adPUgjTo8DozgutAqF7zzYfuzFrCGztbT6zBwaCWUpPyQboiu+OtZIvA=="],

    "@tybys/wasm-util": ["@tybys/wasm-util@0.10.1", "", { "dependencies": { "tslib": "^2.4.0" } }, "sha512-9tTaPJLSiejZKx+Bmog4uSubteqTvFrVrURwkmHixBo0G4seD0zUxp98E1DzUBJxLQ3NPwXrGKDiVjwx/DpPsg=="],

    "@types/bun": ["@types/bun@1.3.9", "", { "dependencies": { "bun-types": "1.3.9" } }, "sha512-KQ571yULOdWJiMH+RIWIOZ7B2RXQGpL1YQrBtLIV3FqDcCu6FsbFUBwhdKUlCKUpS3PJDsHlJ1QKlpxoVR+xtw=="],

    "@types/estree": ["@types/estree@1.0.8", "", {}, "sha512-dWHzHa2WqEXI/O1E9OjrocMTKJl2mSrEolh1Iomrv6U+JuNwaHXsXx9bLu5gG7BUWFIN0skIQJQ/L1rIex4X6w=="],

    "@types/jsesc": ["@types/jsesc@2.5.1", "", {}, "sha512-9VN+6yxLOPLOav+7PwjZbxiID2bVaeq0ED4qSQmdQTdjnXJSaCVKTR58t15oqH1H5t8Ng2ZX1SabJVoN9Q34bw=="],

    "@types/lodash": ["@types/lodash@4.17.21", "", {}, "sha512-FOvQ0YPD5NOfPgMzJihoT+Za5pdkDJWcbpuj1DjaKZIr/gxodQjY/uWEFlTNqW2ugXHUiL8lRQgw63dzKHZdeQ=="],

    "@types/lodash-es": ["@types/lodash-es@4.17.12", "", { "dependencies": { "@types/lodash": "*" } }, "sha512-0NgftHUcV4v34VhXm8QBSftKVXtbkBG3ViCjs6+eJ5a6y6Mi/jiFGPc1sC7QK+9BFhWrURE3EOggmWaSxL9OzQ=="],

    "@types/node": ["@types/node@24.9.2", "", { "dependencies": { "undici-types": "~7.16.0" } }, "sha512-uWN8YqxXxqFMX2RqGOrumsKeti4LlmIMIyV0lgut4jx7KQBcBiW6vkDtIBvHnHIquwNfJhk8v2OtmO8zXWHfPA=="],

    "@typescript/native-preview": ["@typescript/native-preview@7.0.0-dev.20260301.1", "", { "optionalDependencies": { "@typescript/native-preview-darwin-arm64": "7.0.0-dev.20260301.1", "@typescript/native-preview-darwin-x64": "7.0.0-dev.20260301.1", "@typescript/native-preview-linux-arm": "7.0.0-dev.20260301.1", "@typescript/native-preview-linux-arm64": "7.0.0-dev.20260301.1", "@typescript/native-preview-linux-x64": "7.0.0-dev.20260301.1", "@typescript/native-preview-win32-arm64": "7.0.0-dev.20260301.1", "@typescript/native-preview-win32-x64": "7.0.0-dev.20260301.1" }, "bin": { "tsgo": "bin/tsgo.js" } }, "sha512-hmQSkgiIDAzdjyk4P8/dU8lLch1sR8spamGZ/ypPkz3rmraiLaeDj6rqlrgyZNOcSpk0R3kXw3y5qJ9121gjNQ=="],

    "@typescript/native-preview-darwin-arm64": ["@typescript/native-preview-darwin-arm64@7.0.0-dev.20260301.1", "", { "os": "darwin", "cpu": "arm64" }, "sha512-z8Efrjf04XjwX3QsLJARUMNl0/Bhe2z3iBbLI1hPAvqvkRK9C6T0Fywup3rEqBpUXCWsVjOyCxJjmuDA/9vZ5g=="],

    "@typescript/native-preview-darwin-x64": ["@typescript/native-preview-darwin-x64@7.0.0-dev.20260301.1", "", { "os": "darwin", "cpu": "x64" }, "sha512-qKySo/Tsya2zO3kIecrvP3WfEzS2GYy0qJwPmQ+LTqgONnuQJDohjyC3461cTKYBYL/kvkqfBrUGmjrg9fMyEA=="],

    "@typescript/native-preview-linux-arm": ["@typescript/native-preview-linux-arm@7.0.0-dev.20260301.1", "", { "os": "linux", "cpu": "arm" }, "sha512-os9ohNd3XSO3+jKgMo3Ac1L6vzqg2GY9gcBsjp6Z5NrnZtnbq6e+uHkqavsE73NP1VIAsjIwZThjw4zY9GY7bg=="],

    "@typescript/native-preview-linux-arm64": ["@typescript/native-preview-linux-arm64@7.0.0-dev.20260301.1", "", { "os": "linux", "cpu": "arm64" }, "sha512-VNSRYpHbqnsJ18nO0buY85ZGloPoEi0W3rys93UzyZQGdxxqCKK5NxI+FV1siHNedFY2GRLr/7h1gZ8fcdeMvQ=="],

    "@typescript/native-preview-linux-x64": ["@typescript/native-preview-linux-x64@7.0.0-dev.20260301.1", "", { "os": "linux", "cpu": "x64" }, "sha512-w2iRqNEjvJbzqOYuRckpRBOJpJio2lOFTei7INQ0QED/TOO3XqJvAkyOzDrIgCO9YGWjDUIbuXZ/+4fldGIs3Q=="],

    "@typescript/native-preview-win32-arm64": ["@typescript/native-preview-win32-arm64@7.0.0-dev.20260301.1", "", { "os": "win32", "cpu": "arm64" }, "sha512-w6uu75HQek25Agu5+CcpzPS9PN3NTEyHSNMp9oypR8dj7zPRsudM8M4vhFTMDVCZ/lX/mWXkgG8dHmI+myWWvw=="],

    "@typescript/native-preview-win32-x64": ["@typescript/native-preview-win32-x64@7.0.0-dev.20260301.1", "", { "os": "win32", "cpu": "x64" }, "sha512-r2T4W5oYhOHAOVE0U/L1aFCsNDhv0BIRtyk9pL3eqGPLoYH4vtR96/CIpsVt04JDuh0fxOBHcbVjWaZdeZaTCQ=="],

    "@typescript/vfs": ["@typescript/vfs@1.6.2", "", { "dependencies": { "debug": "^4.1.1" }, "peerDependencies": { "typescript": "*" } }, "sha512-hoBwJwcbKHmvd2QVebiytN1aELvpk9B74B4L1mFm/XT1Q/VOYAWl2vQ9AWRFtQq8zmz6enTpfTV8WRc4ATjW/g=="],

    "@wasm-audio-decoders/common": ["@wasm-audio-decoders/common@9.0.7", "", { "dependencies": { "@eshaz/web-worker": "1.2.2", "simple-yenc": "^1.0.4" } }, "sha512-WRaUuWSKV7pkttBygml/a6dIEpatq2nnZGFIoPTc5yPLkxL6Wk4YaslPM98OPQvWacvNZ+Py9xROGDtrFBDzag=="],

    "@wasm-audio-decoders/flac": ["@wasm-audio-decoders/flac@0.2.10", "", { "dependencies": { "@wasm-audio-decoders/common": "9.0.7", "codec-parser": "2.5.0" } }, "sha512-YfcyoD2rYRBa6ffawZKNi5qvV5HArJmNmuMVUPoutuZ2hhGi6WNSWIzgvbROGmPbFivLL764Am7xxJENWJDhjw=="],

    "@wasm-audio-decoders/ogg-vorbis": ["@wasm-audio-decoders/ogg-vorbis@0.1.20", "", { "dependencies": { "@wasm-audio-decoders/common": "9.0.7", "codec-parser": "2.5.0" } }, "sha512-zaQPasU5usRjUDXtXOHYED5tfkR4QMXd+EH3Nrz1+4+M5pCsdD+s9YxJqb0oqnTyRu/KUujOmu5Z/m/NT47vwg=="],

    "ansi-colors": ["ansi-colors@4.1.3", "", {}, "sha512-/6w/C21Pm1A7aZitlI5Ni/2J6FFQN8i1Cvz3kHABAAbw93v/NlvKdVOqz7CCWz/3iv/JplRSEEZ83XION15ovw=="],

    "ansi-regex": ["ansi-regex@5.0.1", "", {}, "sha512-quJQXlTSUGL2LH9SUXo8VwsY4soanhgo6LNSm84E1LBcE8s3O0wpdiRzyR9z/ZZJMlMWv37qOOb9pdJlMUEKFQ=="],

    "ansis": ["ansis@4.2.0", "", {}, "sha512-HqZ5rWlFjGiV0tDm3UxxgNRqsOTniqoKZu0pIAfh7TZQMGuZK+hH0drySty0si0QXj1ieop4+SkSfPZBPPkHig=="],

    "ast-kit": ["ast-kit@3.0.0-beta.1", "", { "dependencies": { "@babel/parser": "^8.0.0-beta.4", "estree-walker": "^3.0.3", "pathe": "^2.0.3" } }, "sha512-trmleAnZ2PxN/loHWVhhx1qeOHSRXq4TDsBBxq3GqeJitfk3+jTQ+v/C1km/KYq9M7wKqCewMh+/NAvVH7m+bw=="],

    "audio-buffer": ["audio-buffer@5.0.0", "", {}, "sha512-gsDyj1wwUp8u7NBB+eW6yhLb9ICf+0eBmDX8NGaAS00w8/fLqFdxUlL5Ge/U8kB64DlQhdonxYC59dXy1J7H/w=="],

    "audio-type": ["audio-type@2.2.1", "", {}, "sha512-En9AY6EG1qYqEy5L/quryzbA4akBpJrnBZNxeKTqGHC2xT9Qc4aZ8b7CcbOMFTTc/MGdoNyp+SN4zInZNKxMYA=="],

    "birpc": ["birpc@4.0.0", "", {}, "sha512-LShSxJP0KTmd101b6DRyGBj57LZxSDYWKitQNW/mi8GRMvZb078Uf9+pveax1DrVL89vm7mWe+TovdI/UDOuPw=="],

    "bun-types": ["bun-types@1.3.9", "", { "dependencies": { "@types/node": "*" } }, "sha512-+UBWWOakIP4Tswh0Bt0QD0alpTY8cb5hvgiYeWCMet9YukHbzuruIEeXC2D7nMJPB12kbh8C7XJykSexEqGKJg=="],

    "cac": ["cac@6.7.14", "", {}, "sha512-b6Ilus+c3RrdDk+JhLKUAQfzzgLEPy6wcXqS7f/xe1EETvsDP6GORG7SFuOs6cID5YkqchW/LXZbX5bc8j7ZcQ=="],

    "chalk": ["chalk@5.6.2", "", {}, "sha512-7NzBL0rN6fMUW+f7A6Io4h40qQlG+xGmtMxfbnH/K7TAtt8JQWVQK+6g0UXKMeVJoyV5EkkNsErQ8pVD3bLHbA=="],

    "cli-cursor": ["cli-cursor@5.0.0", "", { "dependencies": { "restore-cursor": "^5.0.0" } }, "sha512-aCj4O5wKyszjMmDT4tZj93kxyydN/K5zPWSCe6/0AV/AA1pqe5ZBIw0a2ZfPQV7lL5/yb5HsUreJ6UFAF1tEQw=="],

    "cli-spinners": ["cli-spinners@3.4.0", "", {}, "sha512-bXfOC4QcT1tKXGorxL3wbJm6XJPDqEnij2gQ2m7ESQuE+/z9YFIWnl/5RpTiKWbMq3EVKR4fRLJGn6DVfu0mpw=="],

    "codec-parser": ["codec-parser@2.5.0", "", {}, "sha512-Ru9t80fV8B0ZiixQl8xhMTLru+dzuis/KQld32/x5T/+3LwZb0/YvQdSKytX9JqCnRdiupvAvyYJINKrXieziQ=="],

    "debug": ["debug@4.4.3", "", { "dependencies": { "ms": "^2.1.3" } }, "sha512-RGwwWnwQvkVfavKVt22FGLw+xYSdzARwm0ru6DhTVA3umU5hZc28V3kO4stgYryrTlLpuvgI9GiijltAjNbcqA=="],

    "defu": ["defu@6.1.4", "", {}, "sha512-mEQCMmwJu317oSz8CwdIOdwf3xMif1ttiM8LTufzc3g6kR+9Pe236twL8j3IYT1F7GfRgGcW6MWxzZjLIkuHIg=="],

    "dts-resolver": ["dts-resolver@2.1.3", "", { "peerDependencies": { "oxc-resolver": ">=11.0.0" }, "optionalPeers": ["oxc-resolver"] }, "sha512-bihc7jPC90VrosXNzK0LTE2cuLP6jr0Ro8jk+kMugHReJVLIpHz/xadeq3MhuwyO4TD4OA3L1Q8pBBFRc08Tsw=="],

    "empathic": ["empathic@2.0.0", "", {}, "sha512-i6UzDscO/XfAcNYD75CfICkmfLedpyPDdozrLMmQc5ORaQcdMoc21OnlEylMIqI7U8eniKrPMxxtj8k0vhmJhA=="],

    "enquirer": ["enquirer@2.4.1", "", { "dependencies": { "ansi-colors": "^4.1.1", "strip-ansi": "^6.0.1" } }, "sha512-rRqJg/6gd538VHvR3PSrdRBb/1Vy2YfzHqzvbhGIQpDRKIa4FgV/54b5Q1xYSxOOwKvjXweS26E0Q+nAMwp2pQ=="],

    "estree-walker": ["estree-walker@3.0.3", "", { "dependencies": { "@types/estree": "^1.0.0" } }, "sha512-7RUKfXgSMMkzt6ZuXmqapOurLGPPfgj6l9uRZ7lRGolvk0y2yocc35LdcxKC5PQZdn2DMqioAQ2NoWcrTKmm6g=="],

    "fast-srp-hap": ["fast-srp-hap@2.0.4", "", {}, "sha512-lHRYYaaIbMrhZtsdGTwPN82UbqD9Bv8QfOlKs+Dz6YRnByZifOh93EYmf2iEWFtkOEIqR2IK8cFD0UN5wLIWBQ=="],

    "fdir": ["fdir@6.5.0", "", { "peerDependencies": { "picomatch": "^3 || ^4" }, "optionalPeers": ["picomatch"] }, "sha512-tIbYtZbucOs0BRGqPJkshJUYdL+SDH7dVM8gjy+ERp3WAUjLEFJE+02kanyHtwjWOnwrKYBiwAmM0p4kLJAnXg=="],

    "get-east-asian-width": ["get-east-asian-width@1.5.0", "", {}, "sha512-CQ+bEO+Tva/qlmw24dCejulK5pMzVnUOFOijVogd3KQs07HnRIgp8TGipvCCRT06xeYEbpbgwaCxglFyiuIcmA=="],

    "get-tsconfig": ["get-tsconfig@4.13.6", "", { "dependencies": { "resolve-pkg-maps": "^1.0.0" } }, "sha512-shZT/QMiSHc/YBLxxOkMtgSid5HFoauqCE3/exfsEcwg1WkeqjG+V40yBbBrsD+jW2HDXcs28xOfcbm2jI8Ddw=="],

    "hookable": ["hookable@6.0.1", "", {}, "sha512-uKGyY8BuzN/a5gvzvA+3FVWo0+wUjgtfSdnmjtrOVwQCZPHpHDH2WRO3VZSOeluYrHoDCiXFffZXs8Dj1ULWtw=="],

    "import-without-cache": ["import-without-cache@0.2.5", "", {}, "sha512-B6Lc2s6yApwnD2/pMzFh/d5AVjdsDXjgkeJ766FmFuJELIGHNycKRj+l3A39yZPM4CchqNCB4RITEAYB1KUM6A=="],

    "is-interactive": ["is-interactive@2.0.0", "", {}, "sha512-qP1vozQRI+BMOPcjFzrjXuQvdak2pHNUMZoeG2eRbiSqyvbEf/wQtEOTOX1guk6E3t36RkaqiSt8A/6YElNxLQ=="],

    "is-unicode-supported": ["is-unicode-supported@2.1.0", "", {}, "sha512-mE00Gnza5EEB3Ds0HfMyllZzbBrmLOX3vfWoj9A9PEnTfratQ/BcaJOuMhnkhjXvb2+FkY3VuHqtAGpTPmglFQ=="],

    "jsesc": ["jsesc@3.1.0", "", { "bin": { "jsesc": "bin/jsesc" } }, "sha512-/sM3dO2FOzXjKQhJuo0Q173wf2KOo8t4I8vHy6lF9poUp7bKT0/NHE8fPX23PwfhnykfqnC2xRxOnVw5XuGIaA=="],

    "lodash-es": ["lodash-es@4.17.23", "", {}, "sha512-kVI48u3PZr38HdYz98UmfPnXl2DXrpdctLrFLCd3kOx1xUkOmpFPx7gCWWM5MPkL/fD8zb+Ph0QzjGFs4+hHWg=="],

    "log-symbols": ["log-symbols@7.0.1", "", { "dependencies": { "is-unicode-supported": "^2.0.0", "yoctocolors": "^2.1.1" } }, "sha512-ja1E3yCr9i/0hmBVaM0bfwDjnGy8I/s6PP4DFp+yP+a+mrHO4Rm7DtmnqROTUkHIkqffC84YY7AeqX6oFk0WFg=="],

    "mimic-function": ["mimic-function@5.0.1", "", {}, "sha512-VP79XUPxV2CigYP3jWwAUFSku2aKqBH7uTAapFWCBqutsbmDo96KY5o8uh6U+/YSIn5OxJnXp73beVkpqMIGhA=="],

    "mpg123-decoder": ["mpg123-decoder@1.0.3", "", { "dependencies": { "@wasm-audio-decoders/common": "9.0.7" } }, "sha512-+fjxnWigodWJm3+4pndi+KUg9TBojgn31DPk85zEsim7C6s0X5Ztc/hQYdytXkwuGXH+aB0/aEkG40Emukv6oQ=="],

    "ms": ["ms@2.1.3", "", {}, "sha512-6FlzubTLZG3J2a/NVCAleEhjzq5oxgHyaCU9yYXvcLsvoVaHJq/s5xXI6/XXP6tz7R9xAOtHnSO/tXtF3WRTlA=="],

    "node-wav": ["node-wav@0.0.2", "", {}, "sha512-M6Rm/bbG6De/gKGxOpeOobx/dnGuP0dz40adqx38boqHhlWssBJZgLCPBNtb9NkrmnKYiV04xELq+R6PFOnoLA=="],

    "obug": ["obug@2.1.1", "", {}, "sha512-uTqF9MuPraAQ+IsnPf366RG4cP9RtUi7MLO1N3KEc+wb0a6yKpeL0lmk2IB1jY5KHPAlTc6T/JRdC/YqxHNwkQ=="],

    "onetime": ["onetime@7.0.0", "", { "dependencies": { "mimic-function": "^5.0.0" } }, "sha512-VXJjc87FScF88uafS3JllDgvAm+c/Slfz06lorj2uAY34rlUu0Nt+v8wreiImcrgAjjIHp1rXpTDlLOGw29WwQ=="],

    "ora": ["ora@9.3.0", "", { "dependencies": { "chalk": "^5.6.2", "cli-cursor": "^5.0.0", "cli-spinners": "^3.2.0", "is-interactive": "^2.0.0", "is-unicode-supported": "^2.1.0", "log-symbols": "^7.0.1", "stdin-discarder": "^0.3.1", "string-width": "^8.1.0" } }, "sha512-lBX72MWFduWEf7v7uWf5DHp9Jn5BI8bNPGuFgtXMmr2uDz2Gz2749y3am3agSDdkhHPHYmmxEGSKH85ZLGzgXw=="],

    "oxc-transform": ["oxc-transform@0.114.0", "", { "optionalDependencies": { "@oxc-transform/binding-android-arm-eabi": "0.114.0", "@oxc-transform/binding-android-arm64": "0.114.0", "@oxc-transform/binding-darwin-arm64": "0.114.0", "@oxc-transform/binding-darwin-x64": "0.114.0", "@oxc-transform/binding-freebsd-x64": "0.114.0", "@oxc-transform/binding-linux-arm-gnueabihf": "0.114.0", "@oxc-transform/binding-linux-arm-musleabihf": "0.114.0", "@oxc-transform/binding-linux-arm64-gnu": "0.114.0", "@oxc-transform/binding-linux-arm64-musl": "0.114.0", "@oxc-transform/binding-linux-ppc64-gnu": "0.114.0", "@oxc-transform/binding-linux-riscv64-gnu": "0.114.0", "@oxc-transform/binding-linux-riscv64-musl": "0.114.0", "@oxc-transform/binding-linux-s390x-gnu": "0.114.0", "@oxc-transform/binding-linux-x64-gnu": "0.114.0", "@oxc-transform/binding-linux-x64-musl": "0.114.0", "@oxc-transform/binding-openharmony-arm64": "0.114.0", "@oxc-transform/binding-wasm32-wasi": "0.114.0", "@oxc-transform/binding-win32-arm64-msvc": "0.114.0", "@oxc-transform/binding-win32-ia32-msvc": "0.114.0", "@oxc-transform/binding-win32-x64-msvc": "0.114.0" } }, "sha512-fT7QcS2FqvGBKNiyA+aQIAJkMCCVHfvNpPzBXgqrsBdvc5jFF2ZRqdXZUrjUNDwDthsIiJI7EGxPC6tFR3i1Og=="],

    "pathe": ["pathe@2.0.3", "", {}, "sha512-WUjGcAqP1gQacoQe+OBJsFA7Ld4DyXuUIjZ5cc75cLHvJ7dtNsTugphxIADwspS+AraAUePCKrSVtPLFj/F88w=="],

    "picomatch": ["picomatch@4.0.3", "", {}, "sha512-5gTmgEY/sqK6gFXLIsQNH19lWb4ebPDLA4SdLP7dsWkIXHWlG66oPuVvXSGFPppYZz8ZDZq0dYYrbHfBCVUb1Q=="],

    "qoa-format": ["qoa-format@1.0.1", "", { "dependencies": { "@thi.ng/bitstream": "^2.2.12" } }, "sha512-dMB0Z6XQjdpz/Cw4Rf6RiBpQvUSPCfYlQMWvmuWlWkAT7nDQD29cVZ1SwDUB6DYJSitHENwbt90lqfI+7bvMcw=="],

    "quansync": ["quansync@1.0.0", "", {}, "sha512-5xZacEEufv3HSTPQuchrvV6soaiACMFnq1H8wkVioctoH3TRha9Sz66lOxRwPK/qZj7HPiSveih9yAyh98gvqA=="],

    "resolve-pkg-maps": ["resolve-pkg-maps@1.0.0", "", {}, "sha512-seS2Tj26TBVOC2NIc2rOe2y2ZO7efxITtLZcGSOnHHNOQ7CkiUBfw0Iw2ck6xkIhPwLhKNLS8BO+hEpngQlqzw=="],

    "restore-cursor": ["restore-cursor@5.1.0", "", { "dependencies": { "onetime": "^7.0.0", "signal-exit": "^4.1.0" } }, "sha512-oMA2dcrw6u0YfxJQXm342bFKX/E4sG9rbTzO9ptUcR/e8A33cHuvStiYOwH7fszkZlZ1z/ta9AAoPk2F4qIOHA=="],

    "rolldown": ["rolldown@1.0.0-rc.5", "", { "dependencies": { "@oxc-project/types": "=0.114.0", "@rolldown/pluginutils": "1.0.0-rc.5" }, "optionalDependencies": { "@rolldown/binding-android-arm64": "1.0.0-rc.5", "@rolldown/binding-darwin-arm64": "1.0.0-rc.5", "@rolldown/binding-darwin-x64": "1.0.0-rc.5", "@rolldown/binding-freebsd-x64": "1.0.0-rc.5", "@rolldown/binding-linux-arm-gnueabihf": "1.0.0-rc.5", "@rolldown/binding-linux-arm64-gnu": "1.0.0-rc.5", "@rolldown/binding-linux-arm64-musl": "1.0.0-rc.5", "@rolldown/binding-linux-x64-gnu": "1.0.0-rc.5", "@rolldown/binding-linux-x64-musl": "1.0.0-rc.5", "@rolldown/binding-openharmony-arm64": "1.0.0-rc.5", "@rolldown/binding-wasm32-wasi": "1.0.0-rc.5", "@rolldown/binding-win32-arm64-msvc": "1.0.0-rc.5", "@rolldown/binding-win32-x64-msvc": "1.0.0-rc.5" }, "bin": { "rolldown": "bin/cli.mjs" } }, "sha512-0AdalTs6hNTioaCYIkAa7+xsmHBfU5hCNclZnM/lp7lGGDuUOb6N4BVNtwiomybbencDjq/waKjTImqiGCs5sw=="],

    "rolldown-plugin-dts": ["rolldown-plugin-dts@0.22.2", "", { "dependencies": { "@babel/generator": "8.0.0-rc.1", "@babel/helper-validator-identifier": "8.0.0-rc.1", "@babel/parser": "8.0.0-rc.1", "@babel/types": "8.0.0-rc.1", "ast-kit": "^3.0.0-beta.1", "birpc": "^4.0.0", "dts-resolver": "^2.1.3", "get-tsconfig": "^4.13.6", "obug": "^2.1.1" }, "peerDependencies": { "@ts-macro/tsc": "^0.3.6", "@typescript/native-preview": ">=7.0.0-dev.20250601.1", "rolldown": "^1.0.0-rc.3", "typescript": "^5.0.0 || ^6.0.0-beta", "vue-tsc": "~3.2.0" }, "optionalPeers": ["@ts-macro/tsc", "@typescript/native-preview", "typescript", "vue-tsc"] }, "sha512-Ge+XF962Kobjr0hRPx1neVnLU2jpKkD2zevZTfPKf/0el4eYo9SyGPm0stiHDG2JQuL0Q3HLD0Kn+ST8esvVdA=="],

    "semver": ["semver@7.7.4", "", { "bin": { "semver": "bin/semver.js" } }, "sha512-vFKC2IEtQnVhpT78h1Yp8wzwrf8CM+MzKMHGJZfBtzhZNycRFnXsHk6E5TxIkkMsgNS7mdX3AGB7x2QM2di4lA=="],

    "signal-exit": ["signal-exit@4.1.0", "", {}, "sha512-bzyZ1e88w9O1iNJbKnOlvYTrWPDl46O1bG0D3XInv+9tkPrxrN8jUUTiFlDkkmKWgn1M6CfIA13SuGqOa9Korw=="],

    "simple-yenc": ["simple-yenc@1.0.4", "", {}, "sha512-5gvxpSd79e9a3V4QDYUqnqxeD4HGlhCakVpb6gMnDD7lexJggSBJRBO5h52y/iJrdXRilX9UCuDaIJhSWm5OWw=="],

    "stdin-discarder": ["stdin-discarder@0.3.1", "", {}, "sha512-reExS1kSGoElkextOcPkel4NE99S0BWxjUHQeDFnR8S993JxpPX7KU4MNmO19NXhlJp+8dmdCbKQVNgLJh2teA=="],

    "string-width": ["string-width@8.2.0", "", { "dependencies": { "get-east-asian-width": "^1.5.0", "strip-ansi": "^7.1.2" } }, "sha512-6hJPQ8N0V0P3SNmP6h2J99RLuzrWz2gvT7VnK5tKvrNqJoyS9W4/Fb8mo31UiPvy00z7DQXkP2hnKBVav76thw=="],

    "strip-ansi": ["strip-ansi@6.0.1", "", { "dependencies": { "ansi-regex": "^5.0.1" } }, "sha512-Y38VPSHcqkFrCpFnQ9vuSXmquuv5oXOKpGeT6aGrr3o3Gc9AlVa6JBfUSOCnbxGGZF+/0ooI7KrPuUSztUdU5A=="],

    "tinyexec": ["tinyexec@1.0.2", "", {}, "sha512-W/KYk+NFhkmsYpuHq5JykngiOCnxeVL8v8dFnqxSD8qEEdRfXk1SDM6JzNqcERbcGYj9tMrDQBYV9cjgnunFIg=="],

    "tinyglobby": ["tinyglobby@0.2.15", "", { "dependencies": { "fdir": "^6.5.0", "picomatch": "^4.0.3" } }, "sha512-j2Zq4NyQYG5XMST4cbs02Ak8iJUdxRM0XI5QyxXuZOzKOINmWurp3smXu3y5wDcJrptwpSjgXHzIQxR0omXljQ=="],

    "tree-kill": ["tree-kill@1.2.2", "", { "bin": { "tree-kill": "cli.js" } }, "sha512-L0Orpi8qGpRG//Nd+H90vFB+3iHnue1zSSGmNOOCh1GLJ7rUKVwV2HvijphGQS2UmhUZewS9VgvxYIdgr+fG1A=="],

    "tsdown": ["tsdown@0.21.0-beta.2", "", { "dependencies": { "ansis": "^4.2.0", "cac": "^6.7.14", "defu": "^6.1.4", "empathic": "^2.0.0", "hookable": "^6.0.1", "import-without-cache": "^0.2.5", "obug": "^2.1.1", "picomatch": "^4.0.3", "rolldown": "1.0.0-rc.5", "rolldown-plugin-dts": "^0.22.1", "semver": "^7.7.4", "tinyexec": "^1.0.2", "tinyglobby": "^0.2.15", "tree-kill": "^1.2.2", "unconfig-core": "^7.5.0", "unrun": "^0.2.28" }, "peerDependencies": { "@arethetypeswrong/core": "^0.18.1", "@vitejs/devtools": "*", "publint": "^0.3.0", "typescript": "^5.0.0", "unplugin-lightningcss": "^0.4.0", "unplugin-unused": "^0.5.0" }, "optionalPeers": ["@arethetypeswrong/core", "@vitejs/devtools", "publint", "typescript", "unplugin-lightningcss", "unplugin-unused"], "bin": { "tsdown": "dist/run.mjs" } }, "sha512-OKj8mKf0ws1ucxuEi3mO/OGyfRQxO9MY2D6SoIE/7RZcbojsZSBhJr4xC4MNivMqrQvi3Ke2e+aRZDemPBWPCw=="],

    "tslib": ["tslib@2.8.1", "", {}, "sha512-oJFu94HQb+KVduSUQL7wnpmqnfmLsOA/nAh6b6EH0wCEoK0/mPeXU6c3wKDV83MkOuHPRHtSXKKU99IBazS/2w=="],

    "tweetnacl": ["tweetnacl@1.0.3", "", {}, "sha512-6rt+RN7aOi1nGMyC4Xa5DdYiukl2UWCbcJft7YhxReBGQD7OAM8Pbxw6YMo4r2diNEA8FEmu32YOn9rhaiE5yw=="],

    "typescript": ["typescript@5.4.5", "", { "bin": { "tsc": "bin/tsc", "tsserver": "bin/tsserver" } }, "sha512-vcI4UpRgg81oIRUFwR0WSIHKt11nJ7SAVlYNIu+QpqeyXP+gpQJy/Z4+F0aGxSE4MqwjyXvW/TzgkLAx2AGHwQ=="],

    "unconfig-core": ["unconfig-core@7.5.0", "", { "dependencies": { "@quansync/fs": "^1.0.0", "quansync": "^1.0.0" } }, "sha512-Su3FauozOGP44ZmKdHy2oE6LPjk51M/TRRjHv2HNCWiDvfvCoxC2lno6jevMA91MYAdCdwP05QnWdWpSbncX/w=="],

    "undici-types": ["undici-types@7.16.0", "", {}, "sha512-Zz+aZWSj8LE6zoxD+xrjh4VfkIG8Ya6LvYkZqtUQGJPZjYl53ypCaUwWqo7eI0x66KBGeRo+mlBEkMSeSZ38Nw=="],

    "unrun": ["unrun@0.2.28", "", { "dependencies": { "rolldown": "1.0.0-rc.5" }, "peerDependencies": { "synckit": "^0.11.11" }, "optionalPeers": ["synckit"], "bin": { "unrun": "dist/cli.mjs" } }, "sha512-LqMrI3ZEUMZ2476aCsbUTfy95CHByqez05nju4AQv4XFPkxh5yai7Di1/Qb0FoELHEEPDWhQi23EJeFyrBV0Og=="],

    "uuid": ["uuid@13.0.0", "", { "bin": { "uuid": "dist-node/bin/uuid" } }, "sha512-XQegIaBTVUjSHliKqcnFqYypAd4S+WCYt5NIeRs6w/UAry7z8Y9j5ZwRRL4kzq9U3sD6v+85er9FvkEaBpji2w=="],

    "yoctocolors": ["yoctocolors@2.1.2", "", {}, "sha512-CzhO+pFNo8ajLM2d2IW/R93ipy99LWjtwblvC1RsoSUMZgyLbYFr221TnSNT7GjGdYui6P459mw9JH/g/zW2ug=="],

    "string-width/strip-ansi": ["strip-ansi@7.1.2", "", { "dependencies": { "ansi-regex": "^6.0.1" } }, "sha512-gmBGslpoQJtgnMAvOVqGZpEz9dyoKTCzy2nfz/n8aIFhN/jCE/rCmcxabB6jOOHV+0WNnylOxaxBQPSvcWklhA=="],

    "string-width/strip-ansi/ansi-regex": ["ansi-regex@6.2.2", "", {}, "sha512-Bq3SmSpyFHaWjPk8If9yc6svM8c56dB5BAtW4Qbw5jHTwwXXcTLoRMkpDJp6VL0XzlWaCHTXrkFURMYmD0sLqg=="],
  }
}
