{
  "lockfileVersion": 1,
  "configVersion": 0,
  "workspaces": {
    "": {
      "name": "apple-protocols",
      "devDependencies": {
        "@basmilius/tools": "^3.14.0",
        "@types/bun": "^1.3.11",
        "@typescript/native-preview": "^7.0.0-dev.20260321.1",
      },
    },
    "packages/airplay": {
      "name": "@basmilius/apple-airplay",
      "version": "0.0.0",
      "dependencies": {
        "@basmilius/apple-common": "workspace:*",
        "@basmilius/apple-encoding": "workspace:*",
        "@basmilius/apple-encryption": "workspace:*",
        "@basmilius/apple-rtsp": "workspace:*",
      },
      "devDependencies": {
        "@bufbuild/buf": "^1.66.1",
        "@bufbuild/protobuf": "^2.11.0",
        "@bufbuild/protoc-gen-es": "^2.11.0",
        "@types/bun": "^1.3.11",
        "@types/node": "^25.5.0",
        "tsdown": "^0.21.4",
      },
    },
    "packages/audio-source": {
      "name": "@basmilius/apple-audio-source",
      "version": "0.0.0",
      "dependencies": {
        "@basmilius/apple-common": "workspace:*",
      },
      "devDependencies": {
        "@types/bun": "^1.3.11",
        "@types/node": "^25.5.0",
        "@wasm-audio-decoders/flac": "^0.2.4",
        "@wasm-audio-decoders/ogg-vorbis": "^0.1.15",
        "audio-buffer": "^6.0.1",
        "audio-type": "^2.4.0",
        "mpg123-decoder": "^1.0.0",
        "node-wav": "^0.0.2",
        "qoa-format": "^1.0.1",
        "tsdown": "^0.21.4",
      },
    },
    "packages/common": {
      "name": "@basmilius/apple-common",
      "version": "0.0.0",
      "dependencies": {
        "@basmilius/apple-encoding": "workspace:*",
        "@basmilius/apple-encryption": "workspace:*",
      },
      "devDependencies": {
        "@types/bun": "^1.3.11",
        "@types/node": "^25.5.0",
        "fast-srp-hap": "^2.0.4",
        "tsdown": "^0.21.4",
        "uuid": "^13.0.0",
      },
    },
    "packages/companion-link": {
      "name": "@basmilius/apple-companion-link",
      "version": "0.0.0",
      "dependencies": {
        "@basmilius/apple-common": "workspace:*",
        "@basmilius/apple-encoding": "workspace:*",
        "@basmilius/apple-encryption": "workspace:*",
      },
      "devDependencies": {
        "@types/bun": "^1.3.11",
        "@types/node": "^25.5.0",
        "tsdown": "^0.21.4",
      },
    },
    "packages/devices": {
      "name": "@basmilius/apple-devices",
      "version": "0.0.0",
      "dependencies": {
        "@basmilius/apple-airplay": "workspace:*",
        "@basmilius/apple-common": "workspace:*",
        "@basmilius/apple-companion-link": "workspace:*",
        "@basmilius/apple-encoding": "workspace:*",
      },
      "devDependencies": {
        "@types/bun": "^1.3.11",
        "@types/node": "^25.5.0",
        "tsdown": "^0.21.4",
      },
    },
    "packages/diagnostics": {
      "name": "@basmilius/apple-diagnostics",
      "version": "0.0.0",
      "dependencies": {
        "@basmilius/apple-airplay": "workspace:*",
        "@basmilius/apple-audio-source": "workspace:*",
        "@basmilius/apple-common": "workspace:*",
        "@basmilius/apple-companion-link": "workspace:*",
        "@basmilius/apple-devices": "workspace:*",
        "@basmilius/apple-encoding": "workspace:*",
        "@basmilius/apple-encryption": "workspace:*",
        "@basmilius/apple-raop": "workspace:*",
        "enquirer": "^2.4.1",
        "ora": "^9.3.0",
      },
      "devDependencies": {
        "@basmilius/tools": "^3.14.0",
        "@types/bun": "^1.3.11",
        "@types/node": "^25.5.0",
      },
    },
    "packages/encoding": {
      "name": "@basmilius/apple-encoding",
      "version": "0.0.0",
      "devDependencies": {
        "@plist/binary.parse": "^1.1.0",
        "@plist/binary.serialize": "^1.1.0",
        "@types/bun": "^1.3.11",
        "@types/node": "^25.5.0",
        "tsdown": "^0.21.4",
      },
    },
    "packages/encryption": {
      "name": "@basmilius/apple-encryption",
      "version": "0.0.0",
      "devDependencies": {
        "@stablelib/chacha20poly1305": "^2.0.1",
        "@types/bun": "^1.3.11",
        "@types/node": "^25.5.0",
        "tsdown": "^0.21.4",
        "tweetnacl": "^1.0.3",
      },
    },
    "packages/raop": {
      "name": "@basmilius/apple-raop",
      "version": "0.0.0",
      "dependencies": {
        "@basmilius/apple-common": "workspace:*",
        "@basmilius/apple-encoding": "workspace:*",
        "@basmilius/apple-encryption": "workspace:*",
        "@basmilius/apple-rtsp": "workspace:*",
      },
      "devDependencies": {
        "@types/bun": "^1.3.11",
        "@types/node": "^25.5.0",
        "tsdown": "^0.21.4",
      },
    },
    "packages/rtsp": {
      "name": "@basmilius/apple-rtsp",
      "version": "0.0.0",
      "dependencies": {
        "@basmilius/apple-common": "workspace:*",
      },
      "devDependencies": {
        "@types/bun": "^1.3.11",
        "@types/node": "^25.5.0",
        "tsdown": "^0.21.4",
      },
    },
  },
  "packages": {
    "@babel/generator": ["@babel/generator@8.0.0-rc.2", "", { "dependencies": { "@babel/parser": "^8.0.0-rc.2", "@babel/types": "^8.0.0-rc.2", "@jridgewell/gen-mapping": "^0.3.12", "@jridgewell/trace-mapping": "^0.3.28", "@types/jsesc": "^2.5.0", "jsesc": "^3.0.2" } }, "sha512-oCQ1IKPwkzCeJzAPb7Fv8rQ9k5+1sG8mf2uoHiMInPYvkRfrDJxbTIbH51U+jstlkghus0vAi3EBvkfvEsYNLQ=="],

    "@babel/helper-string-parser": ["@babel/helper-string-parser@8.0.0-rc.2", "", {}, "sha512-noLx87RwlBEMrTzncWd/FvTxoJ9+ycHNg0n8yyYydIoDsLZuxknKgWRJUqcrVkNrJ74uGyhWQzQaS3q8xfGAhQ=="],

    "@babel/helper-validator-identifier": ["@babel/helper-validator-identifier@8.0.0-rc.2", "", {}, "sha512-xExUBkuXWJjVuIbO7z6q7/BA9bgfJDEhVL0ggrggLMbg0IzCUWGT1hZGE8qUH7Il7/RD/a6cZ3AAFrrlp1LF/A=="],

    "@babel/parser": ["@babel/parser@8.0.0-rc.2", "", { "dependencies": { "@babel/types": "^8.0.0-rc.2" }, "bin": "./bin/babel-parser.js" }, "sha512-29AhEtcq4x8Dp3T72qvUMZHx0OMXCj4Jy/TEReQa+KWLln524Cj1fWb3QFi0l/xSpptQBR6y9RNEXuxpFvwiUQ=="],

    "@babel/types": ["@babel/types@8.0.0-rc.2", "", { "dependencies": { "@babel/helper-string-parser": "^8.0.0-rc.2", "@babel/helper-validator-identifier": "^8.0.0-rc.2" } }, "sha512-91gAaWRznDwSX4E2tZ1YjBuIfnQVOFDCQ2r0Toby0gu4XEbyF623kXLMA8d4ZbCu+fINcrudkmEcwSUHgDDkNw=="],

    "@basmilius/apple-airplay": ["@basmilius/apple-airplay@workspace:packages/airplay"],

    "@basmilius/apple-audio-source": ["@basmilius/apple-audio-source@workspace:packages/audio-source"],

    "@basmilius/apple-common": ["@basmilius/apple-common@workspace:packages/common"],

    "@basmilius/apple-companion-link": ["@basmilius/apple-companion-link@workspace:packages/companion-link"],

    "@basmilius/apple-devices": ["@basmilius/apple-devices@workspace:packages/devices"],

    "@basmilius/apple-diagnostics": ["@basmilius/apple-diagnostics@workspace:packages/diagnostics"],

    "@basmilius/apple-encoding": ["@basmilius/apple-encoding@workspace:packages/encoding"],

    "@basmilius/apple-encryption": ["@basmilius/apple-encryption@workspace:packages/encryption"],

    "@basmilius/apple-raop": ["@basmilius/apple-raop@workspace:packages/raop"],

    "@basmilius/apple-rtsp": ["@basmilius/apple-rtsp@workspace:packages/rtsp"],

    "@basmilius/tools": ["@basmilius/tools@3.14.0", "", { "dependencies": { "oxc-transform": "^0.121.0" } }, "sha512-nnjlBcwcE3OuRg08We74j1k6sELm4kraDlXaMXxT3tHhUDpDS5dcApNch3S1+KbyUHCRAUToGinabHx5DQtokw=="],

    "@bufbuild/buf": ["@bufbuild/buf@1.66.1", "", { "optionalDependencies": { "@bufbuild/buf-darwin-arm64": "1.66.1", "@bufbuild/buf-darwin-x64": "1.66.1", "@bufbuild/buf-linux-aarch64": "1.66.1", "@bufbuild/buf-linux-armv7": "1.66.1", "@bufbuild/buf-linux-x64": "1.66.1", "@bufbuild/buf-win32-arm64": "1.66.1", "@bufbuild/buf-win32-x64": "1.66.1" }, "bin": { "buf": "bin/buf", "protoc-gen-buf-breaking": "bin/protoc-gen-buf-breaking", "protoc-gen-buf-lint": "bin/protoc-gen-buf-lint" } }, "sha512-TelMLptEDfdcl8D+WjKQLzGGYKAwOSVjCPJ21L9X9xT7KZHigTAhHP5idrTCtXKHHPPQB6Sq12wVnhWgFQ9s7w=="],

    "@bufbuild/buf-darwin-arm64": ["@bufbuild/buf-darwin-arm64@1.66.1", "", { "os": "darwin", "cpu": "arm64" }, "sha512-Yl7vvFhKrA87ctsIiwN2XWbJq34VxWoEzNBe9dhrutKLpy7hM7l/ylDCuctqPh+CGdSUijQfmHiA4bQgK8s2yQ=="],

    "@bufbuild/buf-darwin-x64": ["@bufbuild/buf-darwin-x64@1.66.1", "", { "os": "darwin", "cpu": "x64" }, "sha512-pRbu0l7jtbXBBCq/7wrs2ZUFzCkDBDGuT3xlQt04k1SgIoW1lznpDnUZ6vbQj1rIU94dCbnsuL7M6k+rCFafOA=="],

    "@bufbuild/buf-linux-aarch64": ["@bufbuild/buf-linux-aarch64@1.66.1", "", { "os": "linux", "cpu": "arm64" }, "sha512-V/dwOAcQ9r5B6BUEtUeVPvkpNxYhmHLILrJZmIqNdjpInVQWknpGm1Mmpy2xANuOhRh7O/Huq7kaoQvNjSdnWQ=="],

    "@bufbuild/buf-linux-armv7": ["@bufbuild/buf-linux-armv7@1.66.1", "", { "os": "linux", "cpu": "arm" }, "sha512-WDmspvGLq/lNVj4jAb2TDWVKLzG9l5nwhNsZOo1I5UKrE0PD2LdbM7YdnMne15AIg3qlUxHqq2Eg8pVyxHqCqw=="],

    "@bufbuild/buf-linux-x64": ["@bufbuild/buf-linux-x64@1.66.1", "", { "os": "linux", "cpu": "x64" }, "sha512-at0JeAlc+pquaNB/80R5F6bQs1gtdSuJRj+naei+lH2L2M1yQTiYU3f9dJnY4hVbq4/JbxSdxqJx2VOLPt1ztw=="],

    "@bufbuild/buf-win32-arm64": ["@bufbuild/buf-win32-arm64@1.66.1", "", { "os": "win32", "cpu": "arm64" }, "sha512-gb2LDuqkY1RSFIOMYJQTimTLIsW2/pqOvcPWBDApUZBOQS5CJdrAtuoBqRzpqrI02OF45uinKmqq+9dun/X92A=="],

    "@bufbuild/buf-win32-x64": ["@bufbuild/buf-win32-x64@1.66.1", "", { "os": "win32", "cpu": "x64" }, "sha512-QzDiv9dAUr89HjHsKOrC5EQB+2aWVwKmhZFYzAGgHTt+ONAgz9RgLhwIm6LTtrLigB0LIHk/nLMIXB3sXUhyrg=="],

    "@bufbuild/protobuf": ["@bufbuild/protobuf@2.11.0", "", {}, "sha512-sBXGT13cpmPR5BMgHE6UEEfEaShh5Ror6rfN3yEK5si7QVrtZg8LEPQb0VVhiLRUslD2yLnXtnRzG035J/mZXQ=="],

    "@bufbuild/protoc-gen-es": ["@bufbuild/protoc-gen-es@2.11.0", "", { "dependencies": { "@bufbuild/protobuf": "2.11.0", "@bufbuild/protoplugin": "2.11.0" }, "bin": { "protoc-gen-es": "bin/protoc-gen-es" } }, "sha512-VzQuwEQDXipbZ1soWUuAWm1Z0C3B/IDWGeysnbX6ogJ6As91C2mdvAND/ekQ4YIWgen4d5nqLfIBOWLqCCjYUA=="],

    "@bufbuild/protoplugin": ["@bufbuild/protoplugin@2.11.0", "", { "dependencies": { "@bufbuild/protobuf": "2.11.0", "@typescript/vfs": "^1.6.2", "typescript": "5.4.5" } }, "sha512-lyZVNFUHArIOt4W0+dwYBe5GBwbKzbOy8ObaloEqsw9Mmiwv2O48TwddDoHN4itylC+BaEGqFdI1W8WQt2vWJQ=="],

    "@emnapi/core": ["@emnapi/core@1.7.1", "", { "dependencies": { "@emnapi/wasi-threads": "1.1.0", "tslib": "^2.4.0" } }, "sha512-o1uhUASyo921r2XtHYOHy7gdkGLge8ghBEQHMWmyJFoXlpU58kIrhhN3w26lpQb6dspetweapMn2CSNwQ8I4wg=="],

    "@emnapi/runtime": ["@emnapi/runtime@1.7.1", "", { "dependencies": { "tslib": "^2.4.0" } }, "sha512-PVtJr5CmLwYAU9PZDMITZoR5iAOShYREoR45EyyLrbntV50mdePTgUn4AmOw90Ifcj+x2kRjdzr1HP3RrNiHGA=="],

    "@emnapi/wasi-threads": ["@emnapi/wasi-threads@1.1.0", "", { "dependencies": { "tslib": "^2.4.0" } }, "sha512-WI0DdZ8xFSbgMjR1sFsKABJ/C5OnRrjT06JXbZKexJGrDuPTzZdDYfFlsgcCXCyf+suG5QU2e/y1Wo2V/OapLQ=="],

    "@eshaz/web-worker": ["@eshaz/web-worker@1.2.2", "", {}, "sha512-WxXiHFmD9u/owrzempiDlBB1ZYqiLnm9s6aPc8AlFQalq2tKmqdmMr9GXOupDgzXtqnBipj8Un0gkIm7Sjf8mw=="],

    "@jridgewell/gen-mapping": ["@jridgewell/gen-mapping@0.3.13", "", { "dependencies": { "@jridgewell/sourcemap-codec": "^1.5.0", "@jridgewell/trace-mapping": "^0.3.24" } }, "sha512-2kkt/7niJ6MgEPxF0bYdQ6etZaA+fQvDcLKckhy1yIQOzaoKjBBjSj63/aLVjYE3qhRt5dvM+uUyfCg6UKCBbA=="],

    "@jridgewell/resolve-uri": ["@jridgewell/resolve-uri@3.1.2", "", {}, "sha512-bRISgCIjP20/tbWSPWMEi54QVPRZExkuD9lJL+UIxUKtwVJA8wW1Trb1jMs1RFXo1CBTNZ/5hpC9QvmKWdopKw=="],

    "@jridgewell/sourcemap-codec": ["@jridgewell/sourcemap-codec@1.5.5", "", {}, "sha512-cYQ9310grqxueWbl+WuIUIaiUaDcj7WOq5fVhEljNVgRfOUhY9fy2zTvfoqWsnebh8Sl70VScFbICvJnLKB0Og=="],

    "@jridgewell/trace-mapping": ["@jridgewell/trace-mapping@0.3.31", "", { "dependencies": { "@jridgewell/resolve-uri": "^3.1.0", "@jridgewell/sourcemap-codec": "^1.4.14" } }, "sha512-zzNR+SdQSDJzc8joaeP8QQoCQr8NuYx2dIIytl1QeBEZHJ9uW6hebsrYgbz8hJwUQao3TWCMtmfV8Nu1twOLAw=="],

    "@napi-rs/wasm-runtime": ["@napi-rs/wasm-runtime@1.1.1", "", { "dependencies": { "@emnapi/core": "^1.7.1", "@emnapi/runtime": "^1.7.1", "@tybys/wasm-util": "^0.10.1" } }, "sha512-p64ah1M1ld8xjWv3qbvFwHiFVWrq1yFvV4f7w+mzaqiR4IlSgkqhcRdHwsGgomwzBH51sRY4NEowLxnaBjcW/A=="],

    "@oxc-project/types": ["@oxc-project/types@0.115.0", "", {}, "sha512-4n91DKnebUS4yjUHl2g3/b2T+IUdCfmoZGhmwsovZCDaJSs+QkVAM+0AqqTxHSsHfeiMuueT75cZaZcT/m0pSw=="],

    "@oxc-transform/binding-android-arm-eabi": ["@oxc-transform/binding-android-arm-eabi@0.121.0", "", { "os": "android", "cpu": "arm" }, "sha512-NNYkyDjTID7oVW0LUZ04kDShtyY6hgsTakd2u3mz/hN765JviCuyBIi5qT9dDOmgX0t1y74nuS7FwiLgaCcZ4g=="],

    "@oxc-transform/binding-android-arm64": ["@oxc-transform/binding-android-arm64@0.121.0", "", { "os": "android", "cpu": "arm64" }, "sha512-zO5az3E5JUmF/k7xOOL9TCipqaVn/d8QHK5T8/bcw6qTWAPVFJjQRK8+5MSmp2ItO2Dmxed5DdWMSxG2NNfA5w=="],

    "@oxc-transform/binding-darwin-arm64": ["@oxc-transform/binding-darwin-arm64@0.121.0", "", { "os": "darwin", "cpu": "arm64" }, "sha512-3vcZdmL8OAdYzXfPDeXrO9KagTgUbXPSFXotoww9N0jVNbdCvSpKJHia1aqdltyevrCWF4KqJyOeeUfGcw7AJw=="],

    "@oxc-transform/binding-darwin-x64": ["@oxc-transform/binding-darwin-x64@0.121.0", "", { "os": "darwin", "cpu": "x64" }, "sha512-R63ZXF4Fuer3FEZYX9UmzIKAENSEYQZTglTkzWoyNPyuHDhSfyJIK+X+wgy2Wc1lTad1XquCUq5SDuRSd37fcQ=="],

    "@oxc-transform/binding-freebsd-x64": ["@oxc-transform/binding-freebsd-x64@0.121.0", "", { "os": "freebsd", "cpu": "x64" }, "sha512-0krk8L6iOJ6fobs3f9XHo4RSgEas0yLq9/xGZMuwxFs+rI/rnpYPX+1LLSmreHqeZM77a7r+UF12WjwI1odVUA=="],

    "@oxc-transform/binding-linux-arm-gnueabihf": ["@oxc-transform/binding-linux-arm-gnueabihf@0.121.0", "", { "os": "linux", "cpu": "arm" }, "sha512-cNkTaw77UaNiGOCIv2R1kHZ3OkTVlr/059agLCUaeQmZGl76Ad7DrDcDyhC0Iugw0jEdWZ9zeUS5VLmzblnTXQ=="],

    "@oxc-transform/binding-linux-arm-musleabihf": ["@oxc-transform/binding-linux-arm-musleabihf@0.121.0", "", { "os": "linux", "cpu": "arm" }, "sha512-eDwTIN0UUCQePgFR41doxorzsxoMoUTbXo6bEbvdFH7P4ZoaUXgHYN10Qjd9K6k0x/bBnU6oC4YPSWYKvQDr9Q=="],

    "@oxc-transform/binding-linux-arm64-gnu": ["@oxc-transform/binding-linux-arm64-gnu@0.121.0", "", { "os": "linux", "cpu": "arm64" }, "sha512-UthSp+L23xeV0lIVloiRDU1d3aOvq0KRif3s6vszeSGnWf69+EVcZcondqLuX9optUhKV0/L8xwe2wLr9WkaDA=="],

    "@oxc-transform/binding-linux-arm64-musl": ["@oxc-transform/binding-linux-arm64-musl@0.121.0", "", { "os": "linux", "cpu": "arm64" }, "sha512-J5vKUF8Jml1m9Fl48fKp2/wPl8LhGdjJWZ3PrrT+S16SbW7yEKixq5upzO2arhrky5elRYMXWwfi60ex1tBi6g=="],

    "@oxc-transform/binding-linux-ppc64-gnu": ["@oxc-transform/binding-linux-ppc64-gnu@0.121.0", "", { "os": "linux", "cpu": "ppc64" }, "sha512-ya+/TL/YH/VcfWeRs95pMIgEj1eQgKg3kR/9AkQgSi8i9jIDEXrgrcQ8cwRYSZ3THlT6cxe3KGJa6vwcHG6JEg=="],

    "@oxc-transform/binding-linux-riscv64-gnu": ["@oxc-transform/binding-linux-riscv64-gnu@0.121.0", "", { "os": "linux", "cpu": "none" }, "sha512-XhUBS/6bxL3maLMvkyY5jM23jFCORl+noYc7KkMydpb0Ot08XSu+8c2o7QpGVHWf85eTH/1Tx0aOTrcWek7EAw=="],

    "@oxc-transform/binding-linux-riscv64-musl": ["@oxc-transform/binding-linux-riscv64-musl@0.121.0", "", { "os": "linux", "cpu": "none" }, "sha512-kAcZZrU2Wxopcpt38D1u5OeLUwV78EXyOu3VfFNkP/vrMiKB4Tbca8ZxBq+XTkpijuKE4DdCQaLZylsFj7L00w=="],

    "@oxc-transform/binding-linux-s390x-gnu": ["@oxc-transform/binding-linux-s390x-gnu@0.121.0", "", { "os": "linux", "cpu": "s390x" }, "sha512-jHyHS+NwPAlUEuY6BzFBDoT4LfSBEW/Ne2FeMzdK8LXOvgHFrJiBf6x8FgekatrTGrDpy1hLiACNnPA81Hs2pQ=="],

    "@oxc-transform/binding-linux-x64-gnu": ["@oxc-transform/binding-linux-x64-gnu@0.121.0", "", { "os": "linux", "cpu": "x64" }, "sha512-KedV2jkFxeMvUqfh6SgXjCnO5SBZ+SorTUxSBeql7zp59ONZgAcehWAqDX+YWsK8wEpt23Q8ydC/0d6ebJIAzQ=="],

    "@oxc-transform/binding-linux-x64-musl": ["@oxc-transform/binding-linux-x64-musl@0.121.0", "", { "os": "linux", "cpu": "x64" }, "sha512-jFAZwvgjsswiHET2xxxNvxhKCI74yVmewl0F00i3vzt9C088ZVaUvvWlqDS1GRvD4ORBmpJWOYkHdscpIJijEA=="],

    "@oxc-transform/binding-openharmony-arm64": ["@oxc-transform/binding-openharmony-arm64@0.121.0", "", { "os": "none", "cpu": "arm64" }, "sha512-xn9nxaq31f19PUyGh1xKMOSs8MVPImeaESWNOHtAIznckE+qa5/oHtYALzF3z8uvy1EC/eZODWcHrsYOVNaWug=="],

    "@oxc-transform/binding-wasm32-wasi": ["@oxc-transform/binding-wasm32-wasi@0.121.0", "", { "dependencies": { "@napi-rs/wasm-runtime": "^1.1.1" }, "cpu": "none" }, "sha512-7lj6FBMX8zLfTqIY4YHHTE/b6oyCzZaUwqi2n9KX4FkgjtBpfmq5KSUgi/I+YiE7JJHu1g8Bd3uWJq1lbehL8Q=="],

    "@oxc-transform/binding-win32-arm64-msvc": ["@oxc-transform/binding-win32-arm64-msvc@0.121.0", "", { "os": "win32", "cpu": "arm64" }, "sha512-+ve3UajNq2ldcCEEmpMVn7Ic3v/qCykPTSx3lZfe0iCW6tisIWvkYiXpf6B5dvwSY7SDyrdt9EyPMS75b41iPA=="],

    "@oxc-transform/binding-win32-ia32-msvc": ["@oxc-transform/binding-win32-ia32-msvc@0.121.0", "", { "os": "win32", "cpu": "ia32" }, "sha512-9ZUHa4bXWlPRLzbjYsU3VBSvqwSVHAknQlN+nUO1DVu6j958Ui9ux0I9pZHwxb07I26VMdDhd7AjJyz1ZtZlkg=="],

    "@oxc-transform/binding-win32-x64-msvc": ["@oxc-transform/binding-win32-x64-msvc@0.121.0", "", { "os": "win32", "cpu": "x64" }, "sha512-vV/rzJsmJeeXI1q/xuy93PnoL/IYMwCCyYMX9MmIgMx2a4Lu3vIjUNBLJx1R5CqP/NnvAelsuz05sKlO017FmQ=="],

    "@plist/binary.parse": ["@plist/binary.parse@1.1.0", "", { "dependencies": { "@plist/common": "^1.1.0" } }, "sha512-0Bkyt9rCZnlEHQghafWStePBMquIne+9Z9nFTns8OF3ku4QsQ2HMdSSM1MvQfc+6JOU0Q5JlGvAPEUtP9meFsw=="],

    "@plist/binary.serialize": ["@plist/binary.serialize@1.1.0", "", { "dependencies": { "@plist/common": "^1.1.0" } }, "sha512-+CveX99bM1fqlxIaGyD7YbKLpK411qjAW8FHpCuigUyxLTgo28WOXEBxrYaUZGuMPEv6fsDI5e+E2pLvRfcdtA=="],

    "@plist/common": ["@plist/common@1.1.0", "", {}, "sha512-zZAx3dLVsDaW/ulxCbHS3ptVUnO5XEPQ75UPyNJpwPdv9ViWLYXQmbYNmFR8thKpw067RAORuQpBWHvKPffvIg=="],

    "@quansync/fs": ["@quansync/fs@1.0.0", "", { "dependencies": { "quansync": "^1.0.0" } }, "sha512-4TJ3DFtlf1L5LDMaM6CanJ/0lckGNtJcMjQ1NAV6zDmA0tEHKZtxNKin8EgPaVX1YzljbxckyT2tJrpQKAtngQ=="],

    "@rolldown/binding-android-arm64": ["@rolldown/binding-android-arm64@1.0.0-rc.9", "", { "os": "android", "cpu": "arm64" }, "sha512-lcJL0bN5hpgJfSIz/8PIf02irmyL43P+j1pTCfbD1DbLkmGRuFIA4DD3B3ZOvGqG0XiVvRznbKtN0COQVaKUTg=="],

    "@rolldown/binding-darwin-arm64": ["@rolldown/binding-darwin-arm64@1.0.0-rc.9", "", { "os": "darwin", "cpu": "arm64" }, "sha512-J7Zk3kLYFsLtuH6U+F4pS2sYVzac0qkjcO5QxHS7OS7yZu2LRs+IXo+uvJ/mvpyUljDJ3LROZPoQfgBIpCMhdQ=="],

    "@rolldown/binding-darwin-x64": ["@rolldown/binding-darwin-x64@1.0.0-rc.9", "", { "os": "darwin", "cpu": "x64" }, "sha512-iwtmmghy8nhfRGeNAIltcNXzD0QMNaaA5U/NyZc1Ia4bxrzFByNMDoppoC+hl7cDiUq5/1CnFthpT9n+UtfFyg=="],

    "@rolldown/binding-freebsd-x64": ["@rolldown/binding-freebsd-x64@1.0.0-rc.9", "", { "os": "freebsd", "cpu": "x64" }, "sha512-DLFYI78SCiZr5VvdEplsVC2Vx53lnA4/Ga5C65iyldMVaErr86aiqCoNBLl92PXPfDtUYjUh+xFFor40ueNs4Q=="],

    "@rolldown/binding-linux-arm-gnueabihf": ["@rolldown/binding-linux-arm-gnueabihf@1.0.0-rc.9", "", { "os": "linux", "cpu": "arm" }, "sha512-CsjTmTwd0Hri6iTw/DRMK7kOZ7FwAkrO4h8YWKoX/kcj833e4coqo2wzIFywtch/8Eb5enQ/lwLM7w6JX1W5RQ=="],

    "@rolldown/binding-linux-arm64-gnu": ["@rolldown/binding-linux-arm64-gnu@1.0.0-rc.9", "", { "os": "linux", "cpu": "arm64" }, "sha512-2x9O2JbSPxpxMDhP9Z74mahAStibTlrBMW0520+epJH5sac7/LwZW5Bmg/E6CXuEF53JJFW509uP+lSedaUNxg=="],

    "@rolldown/binding-linux-arm64-musl": ["@rolldown/binding-linux-arm64-musl@1.0.0-rc.9", "", { "os": "linux", "cpu": "arm64" }, "sha512-JA1QRW31ogheAIRhIg9tjMfsYbglXXYGNPLdPEYrwFxdbkQCAzvpSCSHCDWNl4hTtrol8WeboCSEpjdZK8qrCg=="],

    "@rolldown/binding-linux-ppc64-gnu": ["@rolldown/binding-linux-ppc64-gnu@1.0.0-rc.9", "", { "os": "linux", "cpu": "ppc64" }, "sha512-aOKU9dJheda8Kj8Y3w9gnt9QFOO+qKPAl8SWd7JPHP+Cu0EuDAE5wokQubLzIDQWg2myXq2XhTpOVS07qqvT+w=="],

    "@rolldown/binding-linux-s390x-gnu": ["@rolldown/binding-linux-s390x-gnu@1.0.0-rc.9", "", { "os": "linux", "cpu": "s390x" }, "sha512-OalO94fqj7IWRn3VdXWty75jC5dk4C197AWEuMhIpvVv2lw9fiPhud0+bW2ctCxb3YoBZor71QHbY+9/WToadA=="],

    "@rolldown/binding-linux-x64-gnu": ["@rolldown/binding-linux-x64-gnu@1.0.0-rc.9", "", { "os": "linux", "cpu": "x64" }, "sha512-cVEl1vZtBsBZna3YMjGXNvnYYrOJ7RzuWvZU0ffvJUexWkukMaDuGhUXn0rjnV0ptzGVkvc+vW9Yqy6h8YX4pg=="],

    "@rolldown/binding-linux-x64-musl": ["@rolldown/binding-linux-x64-musl@1.0.0-rc.9", "", { "os": "linux", "cpu": "x64" }, "sha512-UzYnKCIIc4heAKgI4PZ3dfBGUZefGCJ1TPDuLHoCzgrMYPb5Rv6TLFuYtyM4rWyHM7hymNdsg5ik2C+UD9VDbA=="],

    "@rolldown/binding-openharmony-arm64": ["@rolldown/binding-openharmony-arm64@1.0.0-rc.9", "", { "os": "none", "cpu": "arm64" }, "sha512-+6zoiF+RRyf5cdlFQP7nm58mq7+/2PFaY2DNQeD4B87N36JzfF/l9mdBkkmTvSYcYPE8tMh/o3cRlsx1ldLfog=="],

    "@rolldown/binding-wasm32-wasi": ["@rolldown/binding-wasm32-wasi@1.0.0-rc.9", "", { "dependencies": { "@napi-rs/wasm-runtime": "^1.1.1" }, "cpu": "none" }, "sha512-rgFN6sA/dyebil3YTlL2evvi/M+ivhfnyxec7AccTpRPccno/rPoNlqybEZQBkcbZu8Hy+eqNJCqfBR8P7Pg8g=="],

    "@rolldown/binding-win32-arm64-msvc": ["@rolldown/binding-win32-arm64-msvc@1.0.0-rc.9", "", { "os": "win32", "cpu": "arm64" }, "sha512-lHVNUG/8nlF1IQk1C0Ci574qKYyty2goMiPlRqkC5R+3LkXDkL5Dhx8ytbxq35m+pkHVIvIxviD+TWLdfeuadA=="],

    "@rolldown/binding-win32-x64-msvc": ["@rolldown/binding-win32-x64-msvc@1.0.0-rc.9", "", { "os": "win32", "cpu": "x64" }, "sha512-G0oA4+w1iY5AGi5HcDTxWsoxF509hrFIPB2rduV5aDqS9FtDg1CAfa7V34qImbjfhIcA8C+RekocJZA96EarwQ=="],

    "@rolldown/pluginutils": ["@rolldown/pluginutils@1.0.0-rc.9", "", {}, "sha512-w6oiRWgEBl04QkFZgmW+jnU1EC9b57Oihi2ot3HNWIQRqgHp5PnYDia5iZ5FF7rpa4EQdiqMDXjlqKGXBhsoXw=="],

    "@stablelib/aead": ["@stablelib/aead@2.0.0", "", {}, "sha512-U/RMANRxbT/ahIpYsPSiFwDFNjADHdnCFfmo09MO1ai2XmerPAOPtMl0qmX7XVvygnACC6ijKDyHBoT2rGyElg=="],

    "@stablelib/binary": ["@stablelib/binary@2.0.1", "", { "dependencies": { "@stablelib/int": "^2.0.1" } }, "sha512-U9iAO8lXgEDONsA0zPPSgcf3HUBNAqHiJmSHgZz62OvC3Hi2Bhc5kTnQ3S1/L+sthDTHtCMhcEiklmIly6uQ3w=="],

    "@stablelib/chacha": ["@stablelib/chacha@2.0.1", "", { "dependencies": { "@stablelib/binary": "^2.0.1", "@stablelib/wipe": "^2.0.1" } }, "sha512-lS1FqtNqofxe2vLkRsLli2m3x/XanUyAYRphLhdHumKeIsLbjbCXdCq3Pf/eWiO7G3QlSG5ViqnoVjktzfLWMg=="],

    "@stablelib/chacha20poly1305": ["@stablelib/chacha20poly1305@2.0.1", "", { "dependencies": { "@stablelib/aead": "^2.0.0", "@stablelib/binary": "^2.0.1", "@stablelib/chacha": "^2.0.1", "@stablelib/constant-time": "^2.0.1", "@stablelib/poly1305": "^2.0.1", "@stablelib/wipe": "^2.0.1" } }, "sha512-kOoBsXbDPVRlelzXl+5WViycgM19lD7lF3Bc3KWI+DzId0Stc2HlxAfSc+Xpn3RgqSCl1ZNTXr33LegqBhBBaw=="],

    "@stablelib/constant-time": ["@stablelib/constant-time@2.0.1", "", {}, "sha512-0NWPogffRm+UWBH0+iM5otZmNrVe5OHFIvyoNIVankMAYOQzMwcdVALOVPrB5Ho0dST+Oc3H8/hPh65Z8R/uew=="],

    "@stablelib/int": ["@stablelib/int@2.0.1", "", {}, "sha512-Ht63fQp3wz/F8U4AlXEPb7hfJOIILs8Lq55jgtD7KueWtyjhVuzcsGLSTAWtZs3XJDZYdF1WcSKn+kBtbzupww=="],

    "@stablelib/poly1305": ["@stablelib/poly1305@2.0.1", "", { "dependencies": { "@stablelib/constant-time": "^2.0.1", "@stablelib/wipe": "^2.0.1" } }, "sha512-D8xfZcL/5zeVARJ9I2fZOUCnZvsJx8G4JDQvD+ecsnaCildPtqZDwqqjtOc4cfHAdScrMjOzUVsssjXUTBw3YQ=="],

    "@stablelib/wipe": ["@stablelib/wipe@2.0.1", "", {}, "sha512-1eU2K9EgOcV4qc9jcP6G72xxZxEm5PfeI5H55l08W95b4oRJaqhmlWRc4xZAm6IVSKhVNxMi66V67hCzzuMTAg=="],

    "@thi.ng/bitstream": ["@thi.ng/bitstream@2.4.39", "", { "dependencies": { "@thi.ng/errors": "^2.6.2" } }, "sha512-VhdYiBqoSpCXil4BGMgHr6fS0i1uGWTqE2oszd453bDmAdthc24VUvzZoKu7GorLopOJwrnkhpcAl5004hpYaw=="],

    "@thi.ng/errors": ["@thi.ng/errors@2.6.2", "", {}, "sha512-YN89WmgOhAnK5/2gI9LckplmQCYld6adPUgjTo8DozgutAqF7zzYfuzFrCGztbT6zBwaCWUpPyQboiu+OtZIvA=="],

    "@tybys/wasm-util": ["@tybys/wasm-util@0.10.1", "", { "dependencies": { "tslib": "^2.4.0" } }, "sha512-9tTaPJLSiejZKx+Bmog4uSubteqTvFrVrURwkmHixBo0G4seD0zUxp98E1DzUBJxLQ3NPwXrGKDiVjwx/DpPsg=="],

    "@types/bun": ["@types/bun@1.3.11", "", { "dependencies": { "bun-types": "1.3.11" } }, "sha512-5vPne5QvtpjGpsGYXiFyycfpDF2ECyPcTSsFBMa0fraoxiQyMJ3SmuQIGhzPg2WJuWxVBoxWJ2kClYTcw/4fAg=="],

    "@types/estree": ["@types/estree@1.0.8", "", {}, "sha512-dWHzHa2WqEXI/O1E9OjrocMTKJl2mSrEolh1Iomrv6U+JuNwaHXsXx9bLu5gG7BUWFIN0skIQJQ/L1rIex4X6w=="],

    "@types/jsesc": ["@types/jsesc@2.5.1", "", {}, "sha512-9VN+6yxLOPLOav+7PwjZbxiID2bVaeq0ED4qSQmdQTdjnXJSaCVKTR58t15oqH1H5t8Ng2ZX1SabJVoN9Q34bw=="],

    "@types/node": ["@types/node@25.5.0", "", { "dependencies": { "undici-types": "~7.18.0" } }, "sha512-jp2P3tQMSxWugkCUKLRPVUpGaL5MVFwF8RDuSRztfwgN1wmqJeMSbKlnEtQqU8UrhTmzEmZdu2I6v2dpp7XIxw=="],

    "@typescript/native-preview": ["@typescript/native-preview@7.0.0-dev.20260321.1", "", { "optionalDependencies": { "@typescript/native-preview-darwin-arm64": "7.0.0-dev.20260321.1", "@typescript/native-preview-darwin-x64": "7.0.0-dev.20260321.1", "@typescript/native-preview-linux-arm": "7.0.0-dev.20260321.1", "@typescript/native-preview-linux-arm64": "7.0.0-dev.20260321.1", "@typescript/native-preview-linux-x64": "7.0.0-dev.20260321.1", "@typescript/native-preview-win32-arm64": "7.0.0-dev.20260321.1", "@typescript/native-preview-win32-x64": "7.0.0-dev.20260321.1" }, "bin": { "tsgo": "bin/tsgo.js" } }, "sha512-uScJZRWRxyi1l4EWwOtuO88Gh8sUTi0itcI4oKlyNtXkqik4Y7EHfs1sfYPDuAEJO3cvW6bqohHjGx3mcXSZzQ=="],

    "@typescript/native-preview-darwin-arm64": ["@typescript/native-preview-darwin-arm64@7.0.0-dev.20260321.1", "", { "os": "darwin", "cpu": "arm64" }, "sha512-3LQP363bDCF/pmXqzhSCSkKXr1PpNl2elC167YFRPKRyJdrETiIwj3YAB8A6esn9D30pas5VLzfmeK/tUOf+6g=="],

    "@typescript/native-preview-darwin-x64": ["@typescript/native-preview-darwin-x64@7.0.0-dev.20260321.1", "", { "os": "darwin", "cpu": "x64" }, "sha512-gCoKiv415CROgl0K8hEV8Lw/zvbYriWWmD7VxvpiQiTRqQmHppVXhLtb2OrGaPcsqpoBdYeCJQHN4wnohAkNLA=="],

    "@typescript/native-preview-linux-arm": ["@typescript/native-preview-linux-arm@7.0.0-dev.20260321.1", "", { "os": "linux", "cpu": "arm" }, "sha512-QuAFR9eFQzuqtKTIaJ5XkNR4i5Q55b1SE7fUcIAS528aY9j+5P1cMpvJa8aOBCuRKxfMgV5UtamolZKGWWzaMw=="],

    "@typescript/native-preview-linux-arm64": ["@typescript/native-preview-linux-arm64@7.0.0-dev.20260321.1", "", { "os": "linux", "cpu": "arm64" }, "sha512-15z7UWt0PG870ktcUbaa0NogAjXIYT4pSFWlsc95u8+1aITrBTMQgqRih5qUH8bHke3eeYwbpjfXaU4gNmexvw=="],

    "@typescript/native-preview-linux-x64": ["@typescript/native-preview-linux-x64@7.0.0-dev.20260321.1", "", { "os": "linux", "cpu": "x64" }, "sha512-8yuzwkxQnNSpXjXK43Y5Pn6rBfNbJVIcd3Qh9n3Tzhgtr+lcoGgwgMvn8axnqaazkxIUB3PZuiGRcqr6XIq3LA=="],

    "@typescript/native-preview-win32-arm64": ["@typescript/native-preview-win32-arm64@7.0.0-dev.20260321.1", "", { "os": "win32", "cpu": "arm64" }, "sha512-fCUk/VElUjMFmE6iFAtsy5r7kLxeLggEHOTWuR0HGYIUQze6EyAdDFqMPFFxvbzpUyFQFpRfUa0I/Fa5tqKh8g=="],

    "@typescript/native-preview-win32-x64": ["@typescript/native-preview-win32-x64@7.0.0-dev.20260321.1", "", { "os": "win32", "cpu": "x64" }, "sha512-CWGyck7+sbNwOhcL+ObHhtKZe2/+Y6OZlEdWX2mHjpv8ef7ohUbPCdS94p+e7jbVY56w8NAce2Xx7ppn/C1Ucg=="],

    "@typescript/vfs": ["@typescript/vfs@1.6.2", "", { "dependencies": { "debug": "^4.1.1" }, "peerDependencies": { "typescript": "*" } }, "sha512-hoBwJwcbKHmvd2QVebiytN1aELvpk9B74B4L1mFm/XT1Q/VOYAWl2vQ9AWRFtQq8zmz6enTpfTV8WRc4ATjW/g=="],

    "@wasm-audio-decoders/common": ["@wasm-audio-decoders/common@9.0.7", "", { "dependencies": { "@eshaz/web-worker": "1.2.2", "simple-yenc": "^1.0.4" } }, "sha512-WRaUuWSKV7pkttBygml/a6dIEpatq2nnZGFIoPTc5yPLkxL6Wk4YaslPM98OPQvWacvNZ+Py9xROGDtrFBDzag=="],

    "@wasm-audio-decoders/flac": ["@wasm-audio-decoders/flac@0.2.10", "", { "dependencies": { "@wasm-audio-decoders/common": "9.0.7", "codec-parser": "2.5.0" } }, "sha512-YfcyoD2rYRBa6ffawZKNi5qvV5HArJmNmuMVUPoutuZ2hhGi6WNSWIzgvbROGmPbFivLL764Am7xxJENWJDhjw=="],

    "@wasm-audio-decoders/ogg-vorbis": ["@wasm-audio-decoders/ogg-vorbis@0.1.20", "", { "dependencies": { "@wasm-audio-decoders/common": "9.0.7", "codec-parser": "2.5.0" } }, "sha512-zaQPasU5usRjUDXtXOHYED5tfkR4QMXd+EH3Nrz1+4+M5pCsdD+s9YxJqb0oqnTyRu/KUujOmu5Z/m/NT47vwg=="],

    "ansi-colors": ["ansi-colors@4.1.3", "", {}, "sha512-/6w/C21Pm1A7aZitlI5Ni/2J6FFQN8i1Cvz3kHABAAbw93v/NlvKdVOqz7CCWz/3iv/JplRSEEZ83XION15ovw=="],

    "ansi-regex": ["ansi-regex@5.0.1", "", {}, "sha512-quJQXlTSUGL2LH9SUXo8VwsY4soanhgo6LNSm84E1LBcE8s3O0wpdiRzyR9z/ZZJMlMWv37qOOb9pdJlMUEKFQ=="],

    "ansis": ["ansis@4.2.0", "", {}, "sha512-HqZ5rWlFjGiV0tDm3UxxgNRqsOTniqoKZu0pIAfh7TZQMGuZK+hH0drySty0si0QXj1ieop4+SkSfPZBPPkHig=="],

    "ast-kit": ["ast-kit@3.0.0-beta.1", "", { "dependencies": { "@babel/parser": "^8.0.0-beta.4", "estree-walker": "^3.0.3", "pathe": "^2.0.3" } }, "sha512-trmleAnZ2PxN/loHWVhhx1qeOHSRXq4TDsBBxq3GqeJitfk3+jTQ+v/C1km/KYq9M7wKqCewMh+/NAvVH7m+bw=="],

    "audio-buffer": ["audio-buffer@6.0.1", "", {}, "sha512-iixroTdkk5AKCBEzCFY1QwhhviRGRpDF5ARVxZpmBn4ubPEiDpHLOubL04Lk9EwJJD6FUFrsCYHomlIMuyUgcA=="],

    "audio-type": ["audio-type@2.4.0", "", {}, "sha512-ugYMgxLpH6gyWUhFWFl2HCJboFL5z/GoqSdonx8ZycfNP8JDHBhRNzYWzrCRa/6htOWfvJAq7qpRloxvx06sRA=="],

    "birpc": ["birpc@4.0.0", "", {}, "sha512-LShSxJP0KTmd101b6DRyGBj57LZxSDYWKitQNW/mi8GRMvZb078Uf9+pveax1DrVL89vm7mWe+TovdI/UDOuPw=="],

    "bun-types": ["bun-types@1.3.11", "", { "dependencies": { "@types/node": "*" } }, "sha512-1KGPpoxQWl9f6wcZh57LvrPIInQMn2TQ7jsgxqpRzg+l0QPOFvJVH7HmvHo/AiPgwXy+/Thf6Ov3EdVn1vOabg=="],

    "cac": ["cac@7.0.0", "", {}, "sha512-tixWYgm5ZoOD+3g6UTea91eow5z6AAHaho3g0V9CNSNb45gM8SmflpAc+GRd1InC4AqN/07Unrgp56Y94N9hJQ=="],

    "chalk": ["chalk@5.6.2", "", {}, "sha512-7NzBL0rN6fMUW+f7A6Io4h40qQlG+xGmtMxfbnH/K7TAtt8JQWVQK+6g0UXKMeVJoyV5EkkNsErQ8pVD3bLHbA=="],

    "cli-cursor": ["cli-cursor@5.0.0", "", { "dependencies": { "restore-cursor": "^5.0.0" } }, "sha512-aCj4O5wKyszjMmDT4tZj93kxyydN/K5zPWSCe6/0AV/AA1pqe5ZBIw0a2ZfPQV7lL5/yb5HsUreJ6UFAF1tEQw=="],

    "cli-spinners": ["cli-spinners@3.4.0", "", {}, "sha512-bXfOC4QcT1tKXGorxL3wbJm6XJPDqEnij2gQ2m7ESQuE+/z9YFIWnl/5RpTiKWbMq3EVKR4fRLJGn6DVfu0mpw=="],

    "codec-parser": ["codec-parser@2.5.0", "", {}, "sha512-Ru9t80fV8B0ZiixQl8xhMTLru+dzuis/KQld32/x5T/+3LwZb0/YvQdSKytX9JqCnRdiupvAvyYJINKrXieziQ=="],

    "debug": ["debug@4.4.3", "", { "dependencies": { "ms": "^2.1.3" } }, "sha512-RGwwWnwQvkVfavKVt22FGLw+xYSdzARwm0ru6DhTVA3umU5hZc28V3kO4stgYryrTlLpuvgI9GiijltAjNbcqA=="],

    "defu": ["defu@6.1.4", "", {}, "sha512-mEQCMmwJu317oSz8CwdIOdwf3xMif1ttiM8LTufzc3g6kR+9Pe236twL8j3IYT1F7GfRgGcW6MWxzZjLIkuHIg=="],

    "dts-resolver": ["dts-resolver@2.1.3", "", { "peerDependencies": { "oxc-resolver": ">=11.0.0" }, "optionalPeers": ["oxc-resolver"] }, "sha512-bihc7jPC90VrosXNzK0LTE2cuLP6jr0Ro8jk+kMugHReJVLIpHz/xadeq3MhuwyO4TD4OA3L1Q8pBBFRc08Tsw=="],

    "empathic": ["empathic@2.0.0", "", {}, "sha512-i6UzDscO/XfAcNYD75CfICkmfLedpyPDdozrLMmQc5ORaQcdMoc21OnlEylMIqI7U8eniKrPMxxtj8k0vhmJhA=="],

    "enquirer": ["enquirer@2.4.1", "", { "dependencies": { "ansi-colors": "^4.1.1", "strip-ansi": "^6.0.1" } }, "sha512-rRqJg/6gd538VHvR3PSrdRBb/1Vy2YfzHqzvbhGIQpDRKIa4FgV/54b5Q1xYSxOOwKvjXweS26E0Q+nAMwp2pQ=="],

    "estree-walker": ["estree-walker@3.0.3", "", { "dependencies": { "@types/estree": "^1.0.0" } }, "sha512-7RUKfXgSMMkzt6ZuXmqapOurLGPPfgj6l9uRZ7lRGolvk0y2yocc35LdcxKC5PQZdn2DMqioAQ2NoWcrTKmm6g=="],

    "fast-srp-hap": ["fast-srp-hap@2.0.4", "", {}, "sha512-lHRYYaaIbMrhZtsdGTwPN82UbqD9Bv8QfOlKs+Dz6YRnByZifOh93EYmf2iEWFtkOEIqR2IK8cFD0UN5wLIWBQ=="],

    "fdir": ["fdir@6.5.0", "", { "peerDependencies": { "picomatch": "^3 || ^4" }, "optionalPeers": ["picomatch"] }, "sha512-tIbYtZbucOs0BRGqPJkshJUYdL+SDH7dVM8gjy+ERp3WAUjLEFJE+02kanyHtwjWOnwrKYBiwAmM0p4kLJAnXg=="],

    "get-east-asian-width": ["get-east-asian-width@1.5.0", "", {}, "sha512-CQ+bEO+Tva/qlmw24dCejulK5pMzVnUOFOijVogd3KQs07HnRIgp8TGipvCCRT06xeYEbpbgwaCxglFyiuIcmA=="],

    "get-tsconfig": ["get-tsconfig@4.13.6", "", { "dependencies": { "resolve-pkg-maps": "^1.0.0" } }, "sha512-shZT/QMiSHc/YBLxxOkMtgSid5HFoauqCE3/exfsEcwg1WkeqjG+V40yBbBrsD+jW2HDXcs28xOfcbm2jI8Ddw=="],

    "hookable": ["hookable@6.1.0", "", {}, "sha512-ZoKZSJgu8voGK2geJS+6YtYjvIzu9AOM/KZXsBxr83uhLL++e9pEv/dlgwgy3dvHg06kTz6JOh1hk3C8Ceiymw=="],

    "import-without-cache": ["import-without-cache@0.2.5", "", {}, "sha512-B6Lc2s6yApwnD2/pMzFh/d5AVjdsDXjgkeJ766FmFuJELIGHNycKRj+l3A39yZPM4CchqNCB4RITEAYB1KUM6A=="],

    "is-interactive": ["is-interactive@2.0.0", "", {}, "sha512-qP1vozQRI+BMOPcjFzrjXuQvdak2pHNUMZoeG2eRbiSqyvbEf/wQtEOTOX1guk6E3t36RkaqiSt8A/6YElNxLQ=="],

    "is-unicode-supported": ["is-unicode-supported@2.1.0", "", {}, "sha512-mE00Gnza5EEB3Ds0HfMyllZzbBrmLOX3vfWoj9A9PEnTfratQ/BcaJOuMhnkhjXvb2+FkY3VuHqtAGpTPmglFQ=="],

    "jsesc": ["jsesc@3.1.0", "", { "bin": { "jsesc": "bin/jsesc" } }, "sha512-/sM3dO2FOzXjKQhJuo0Q173wf2KOo8t4I8vHy6lF9poUp7bKT0/NHE8fPX23PwfhnykfqnC2xRxOnVw5XuGIaA=="],

    "log-symbols": ["log-symbols@7.0.1", "", { "dependencies": { "is-unicode-supported": "^2.0.0", "yoctocolors": "^2.1.1" } }, "sha512-ja1E3yCr9i/0hmBVaM0bfwDjnGy8I/s6PP4DFp+yP+a+mrHO4Rm7DtmnqROTUkHIkqffC84YY7AeqX6oFk0WFg=="],

    "mimic-function": ["mimic-function@5.0.1", "", {}, "sha512-VP79XUPxV2CigYP3jWwAUFSku2aKqBH7uTAapFWCBqutsbmDo96KY5o8uh6U+/YSIn5OxJnXp73beVkpqMIGhA=="],

    "mpg123-decoder": ["mpg123-decoder@1.0.3", "", { "dependencies": { "@wasm-audio-decoders/common": "9.0.7" } }, "sha512-+fjxnWigodWJm3+4pndi+KUg9TBojgn31DPk85zEsim7C6s0X5Ztc/hQYdytXkwuGXH+aB0/aEkG40Emukv6oQ=="],

    "ms": ["ms@2.1.3", "", {}, "sha512-6FlzubTLZG3J2a/NVCAleEhjzq5oxgHyaCU9yYXvcLsvoVaHJq/s5xXI6/XXP6tz7R9xAOtHnSO/tXtF3WRTlA=="],

    "node-wav": ["node-wav@0.0.2", "", {}, "sha512-M6Rm/bbG6De/gKGxOpeOobx/dnGuP0dz40adqx38boqHhlWssBJZgLCPBNtb9NkrmnKYiV04xELq+R6PFOnoLA=="],

    "obug": ["obug@2.1.1", "", {}, "sha512-uTqF9MuPraAQ+IsnPf366RG4cP9RtUi7MLO1N3KEc+wb0a6yKpeL0lmk2IB1jY5KHPAlTc6T/JRdC/YqxHNwkQ=="],

    "onetime": ["onetime@7.0.0", "", { "dependencies": { "mimic-function": "^5.0.0" } }, "sha512-VXJjc87FScF88uafS3JllDgvAm+c/Slfz06lorj2uAY34rlUu0Nt+v8wreiImcrgAjjIHp1rXpTDlLOGw29WwQ=="],

    "ora": ["ora@9.3.0", "", { "dependencies": { "chalk": "^5.6.2", "cli-cursor": "^5.0.0", "cli-spinners": "^3.2.0", "is-interactive": "^2.0.0", "is-unicode-supported": "^2.1.0", "log-symbols": "^7.0.1", "stdin-discarder": "^0.3.1", "string-width": "^8.1.0" } }, "sha512-lBX72MWFduWEf7v7uWf5DHp9Jn5BI8bNPGuFgtXMmr2uDz2Gz2749y3am3agSDdkhHPHYmmxEGSKH85ZLGzgXw=="],

    "oxc-transform": ["oxc-transform@0.121.0", "", { "optionalDependencies": { "@oxc-transform/binding-android-arm-eabi": "0.121.0", "@oxc-transform/binding-android-arm64": "0.121.0", "@oxc-transform/binding-darwin-arm64": "0.121.0", "@oxc-transform/binding-darwin-x64": "0.121.0", "@oxc-transform/binding-freebsd-x64": "0.121.0", "@oxc-transform/binding-linux-arm-gnueabihf": "0.121.0", "@oxc-transform/binding-linux-arm-musleabihf": "0.121.0", "@oxc-transform/binding-linux-arm64-gnu": "0.121.0", "@oxc-transform/binding-linux-arm64-musl": "0.121.0", "@oxc-transform/binding-linux-ppc64-gnu": "0.121.0", "@oxc-transform/binding-linux-riscv64-gnu": "0.121.0", "@oxc-transform/binding-linux-riscv64-musl": "0.121.0", "@oxc-transform/binding-linux-s390x-gnu": "0.121.0", "@oxc-transform/binding-linux-x64-gnu": "0.121.0", "@oxc-transform/binding-linux-x64-musl": "0.121.0", "@oxc-transform/binding-openharmony-arm64": "0.121.0", "@oxc-transform/binding-wasm32-wasi": "0.121.0", "@oxc-transform/binding-win32-arm64-msvc": "0.121.0", "@oxc-transform/binding-win32-ia32-msvc": "0.121.0", "@oxc-transform/binding-win32-x64-msvc": "0.121.0" } }, "sha512-Kf243wJU/vWF/ThV+ZyfLMQIrViVFRSyYO7UPKpZMMPGGMzxxcHgsNGWy0Uy+pcXD78+jdUnxVTR9rYT73Qw3A=="],

    "pathe": ["pathe@2.0.3", "", {}, "sha512-WUjGcAqP1gQacoQe+OBJsFA7Ld4DyXuUIjZ5cc75cLHvJ7dtNsTugphxIADwspS+AraAUePCKrSVtPLFj/F88w=="],

    "picomatch": ["picomatch@4.0.3", "", {}, "sha512-5gTmgEY/sqK6gFXLIsQNH19lWb4ebPDLA4SdLP7dsWkIXHWlG66oPuVvXSGFPppYZz8ZDZq0dYYrbHfBCVUb1Q=="],

    "qoa-format": ["qoa-format@1.0.1", "", { "dependencies": { "@thi.ng/bitstream": "^2.2.12" } }, "sha512-dMB0Z6XQjdpz/Cw4Rf6RiBpQvUSPCfYlQMWvmuWlWkAT7nDQD29cVZ1SwDUB6DYJSitHENwbt90lqfI+7bvMcw=="],

    "quansync": ["quansync@1.0.0", "", {}, "sha512-5xZacEEufv3HSTPQuchrvV6soaiACMFnq1H8wkVioctoH3TRha9Sz66lOxRwPK/qZj7HPiSveih9yAyh98gvqA=="],

    "resolve-pkg-maps": ["resolve-pkg-maps@1.0.0", "", {}, "sha512-seS2Tj26TBVOC2NIc2rOe2y2ZO7efxITtLZcGSOnHHNOQ7CkiUBfw0Iw2ck6xkIhPwLhKNLS8BO+hEpngQlqzw=="],

    "restore-cursor": ["restore-cursor@5.1.0", "", { "dependencies": { "onetime": "^7.0.0", "signal-exit": "^4.1.0" } }, "sha512-oMA2dcrw6u0YfxJQXm342bFKX/E4sG9rbTzO9ptUcR/e8A33cHuvStiYOwH7fszkZlZ1z/ta9AAoPk2F4qIOHA=="],

    "rolldown": ["rolldown@1.0.0-rc.9", "", { "dependencies": { "@oxc-project/types": "=0.115.0", "@rolldown/pluginutils": "1.0.0-rc.9" }, "optionalDependencies": { "@rolldown/binding-android-arm64": "1.0.0-rc.9", "@rolldown/binding-darwin-arm64": "1.0.0-rc.9", "@rolldown/binding-darwin-x64": "1.0.0-rc.9", "@rolldown/binding-freebsd-x64": "1.0.0-rc.9", "@rolldown/binding-linux-arm-gnueabihf": "1.0.0-rc.9", "@rolldown/binding-linux-arm64-gnu": "1.0.0-rc.9", "@rolldown/binding-linux-arm64-musl": "1.0.0-rc.9", "@rolldown/binding-linux-ppc64-gnu": "1.0.0-rc.9", "@rolldown/binding-linux-s390x-gnu": "1.0.0-rc.9", "@rolldown/binding-linux-x64-gnu": "1.0.0-rc.9", "@rolldown/binding-linux-x64-musl": "1.0.0-rc.9", "@rolldown/binding-openharmony-arm64": "1.0.0-rc.9", "@rolldown/binding-wasm32-wasi": "1.0.0-rc.9", "@rolldown/binding-win32-arm64-msvc": "1.0.0-rc.9", "@rolldown/binding-win32-x64-msvc": "1.0.0-rc.9" }, "bin": { "rolldown": "bin/cli.mjs" } }, "sha512-9EbgWge7ZH+yqb4d2EnELAntgPTWbfL8ajiTW+SyhJEC4qhBbkCKbqFV4Ge4zmu5ziQuVbWxb/XwLZ+RIO7E8Q=="],

    "rolldown-plugin-dts": ["rolldown-plugin-dts@0.22.5", "", { "dependencies": { "@babel/generator": "8.0.0-rc.2", "@babel/helper-validator-identifier": "8.0.0-rc.2", "@babel/parser": "8.0.0-rc.2", "@babel/types": "8.0.0-rc.2", "ast-kit": "^3.0.0-beta.1", "birpc": "^4.0.0", "dts-resolver": "^2.1.3", "get-tsconfig": "^4.13.6", "obug": "^2.1.1" }, "peerDependencies": { "@ts-macro/tsc": "^0.3.6", "@typescript/native-preview": ">=7.0.0-dev.20250601.1", "rolldown": "^1.0.0-rc.3", "typescript": "^5.0.0 || ^6.0.0-beta", "vue-tsc": "~3.2.0" }, "optionalPeers": ["@ts-macro/tsc", "@typescript/native-preview", "typescript", "vue-tsc"] }, "sha512-M/HXfM4cboo+jONx9Z0X+CUf3B5tCi7ni+kR5fUW50Fp9AlZk0oVLesibGWgCXDKFp5lpgQ9yhKoImUFjl3VZw=="],

    "semver": ["semver@7.7.4", "", { "bin": { "semver": "bin/semver.js" } }, "sha512-vFKC2IEtQnVhpT78h1Yp8wzwrf8CM+MzKMHGJZfBtzhZNycRFnXsHk6E5TxIkkMsgNS7mdX3AGB7x2QM2di4lA=="],

    "signal-exit": ["signal-exit@4.1.0", "", {}, "sha512-bzyZ1e88w9O1iNJbKnOlvYTrWPDl46O1bG0D3XInv+9tkPrxrN8jUUTiFlDkkmKWgn1M6CfIA13SuGqOa9Korw=="],

    "simple-yenc": ["simple-yenc@1.0.4", "", {}, "sha512-5gvxpSd79e9a3V4QDYUqnqxeD4HGlhCakVpb6gMnDD7lexJggSBJRBO5h52y/iJrdXRilX9UCuDaIJhSWm5OWw=="],

    "stdin-discarder": ["stdin-discarder@0.3.1", "", {}, "sha512-reExS1kSGoElkextOcPkel4NE99S0BWxjUHQeDFnR8S993JxpPX7KU4MNmO19NXhlJp+8dmdCbKQVNgLJh2teA=="],

    "string-width": ["string-width@8.2.0", "", { "dependencies": { "get-east-asian-width": "^1.5.0", "strip-ansi": "^7.1.2" } }, "sha512-6hJPQ8N0V0P3SNmP6h2J99RLuzrWz2gvT7VnK5tKvrNqJoyS9W4/Fb8mo31UiPvy00z7DQXkP2hnKBVav76thw=="],

    "strip-ansi": ["strip-ansi@6.0.1", "", { "dependencies": { "ansi-regex": "^5.0.1" } }, "sha512-Y38VPSHcqkFrCpFnQ9vuSXmquuv5oXOKpGeT6aGrr3o3Gc9AlVa6JBfUSOCnbxGGZF+/0ooI7KrPuUSztUdU5A=="],

    "tinyexec": ["tinyexec@1.0.4", "", {}, "sha512-u9r3uZC0bdpGOXtlxUIdwf9pkmvhqJdrVCH9fapQtgy/OeTTMZ1nqH7agtvEfmGui6e1XxjcdrlxvxJvc3sMqw=="],

    "tinyglobby": ["tinyglobby@0.2.15", "", { "dependencies": { "fdir": "^6.5.0", "picomatch": "^4.0.3" } }, "sha512-j2Zq4NyQYG5XMST4cbs02Ak8iJUdxRM0XI5QyxXuZOzKOINmWurp3smXu3y5wDcJrptwpSjgXHzIQxR0omXljQ=="],

    "tree-kill": ["tree-kill@1.2.2", "", { "bin": { "tree-kill": "cli.js" } }, "sha512-L0Orpi8qGpRG//Nd+H90vFB+3iHnue1zSSGmNOOCh1GLJ7rUKVwV2HvijphGQS2UmhUZewS9VgvxYIdgr+fG1A=="],

    "tsdown": ["tsdown@0.21.4", "", { "dependencies": { "ansis": "^4.2.0", "cac": "^7.0.0", "defu": "^6.1.4", "empathic": "^2.0.0", "hookable": "^6.1.0", "import-without-cache": "^0.2.5", "obug": "^2.1.1", "picomatch": "^4.0.3", "rolldown": "1.0.0-rc.9", "rolldown-plugin-dts": "^0.22.5", "semver": "^7.7.4", "tinyexec": "^1.0.4", "tinyglobby": "^0.2.15", "tree-kill": "^1.2.2", "unconfig-core": "^7.5.0", "unrun": "^0.2.32" }, "peerDependencies": { "@arethetypeswrong/core": "^0.18.1", "@tsdown/css": "0.21.4", "@tsdown/exe": "0.21.4", "@vitejs/devtools": "*", "publint": "^0.3.0", "typescript": "^5.0.0", "unplugin-unused": "^0.5.0" }, "optionalPeers": ["@arethetypeswrong/core", "@tsdown/css", "@tsdown/exe", "@vitejs/devtools", "publint", "typescript", "unplugin-unused"], "bin": { "tsdown": "dist/run.mjs" } }, "sha512-Q/kBi8SXkr4X6JI/NAZKZY1UuiEcbuXtIskL4tZCsgpDiEPM/2W6lC+OonNA31S+V3KsWedFvbFDBs23hvt+Aw=="],

    "tslib": ["tslib@2.8.1", "", {}, "sha512-oJFu94HQb+KVduSUQL7wnpmqnfmLsOA/nAh6b6EH0wCEoK0/mPeXU6c3wKDV83MkOuHPRHtSXKKU99IBazS/2w=="],

    "tweetnacl": ["tweetnacl@1.0.3", "", {}, "sha512-6rt+RN7aOi1nGMyC4Xa5DdYiukl2UWCbcJft7YhxReBGQD7OAM8Pbxw6YMo4r2diNEA8FEmu32YOn9rhaiE5yw=="],

    "typescript": ["typescript@5.4.5", "", { "bin": { "tsc": "bin/tsc", "tsserver": "bin/tsserver" } }, "sha512-vcI4UpRgg81oIRUFwR0WSIHKt11nJ7SAVlYNIu+QpqeyXP+gpQJy/Z4+F0aGxSE4MqwjyXvW/TzgkLAx2AGHwQ=="],

    "unconfig-core": ["unconfig-core@7.5.0", "", { "dependencies": { "@quansync/fs": "^1.0.0", "quansync": "^1.0.0" } }, "sha512-Su3FauozOGP44ZmKdHy2oE6LPjk51M/TRRjHv2HNCWiDvfvCoxC2lno6jevMA91MYAdCdwP05QnWdWpSbncX/w=="],

    "undici-types": ["undici-types@7.18.2", "", {}, "sha512-AsuCzffGHJybSaRrmr5eHr81mwJU3kjw6M+uprWvCXiNeN9SOGwQ3Jn8jb8m3Z6izVgknn1R0FTCEAP2QrLY/w=="],

    "unrun": ["unrun@0.2.32", "", { "dependencies": { "rolldown": "1.0.0-rc.9" }, "peerDependencies": { "synckit": "^0.11.11" }, "optionalPeers": ["synckit"], "bin": { "unrun": "dist/cli.mjs" } }, "sha512-opd3z6791rf281JdByf0RdRQrpcc7WyzqittqIXodM/5meNWdTwrVxeyzbaCp4/Rgls/um14oUaif1gomO8YGg=="],

    "uuid": ["uuid@13.0.0", "", { "bin": { "uuid": "dist-node/bin/uuid" } }, "sha512-XQegIaBTVUjSHliKqcnFqYypAd4S+WCYt5NIeRs6w/UAry7z8Y9j5ZwRRL4kzq9U3sD6v+85er9FvkEaBpji2w=="],

    "yoctocolors": ["yoctocolors@2.1.2", "", {}, "sha512-CzhO+pFNo8ajLM2d2IW/R93ipy99LWjtwblvC1RsoSUMZgyLbYFr221TnSNT7GjGdYui6P459mw9JH/g/zW2ug=="],

    "ast-kit/@babel/parser": ["@babel/parser@8.0.0-rc.1", "", { "dependencies": { "@babel/types": "^8.0.0-rc.1" }, "bin": "./bin/babel-parser.js" }, "sha512-6HyyU5l1yK/7h9Ki52i5h6mDAx4qJdiLQO4FdCyJNoB/gy3T3GGJdhQzzbZgvgZCugYBvwtQiWRt94QKedHnkA=="],

    "bun-types/@types/node": ["@types/node@24.9.2", "", { "dependencies": { "undici-types": "~7.16.0" } }, "sha512-uWN8YqxXxqFMX2RqGOrumsKeti4LlmIMIyV0lgut4jx7KQBcBiW6vkDtIBvHnHIquwNfJhk8v2OtmO8zXWHfPA=="],

    "string-width/strip-ansi": ["strip-ansi@7.1.2", "", { "dependencies": { "ansi-regex": "^6.0.1" } }, "sha512-gmBGslpoQJtgnMAvOVqGZpEz9dyoKTCzy2nfz/n8aIFhN/jCE/rCmcxabB6jOOHV+0WNnylOxaxBQPSvcWklhA=="],

    "ast-kit/@babel/parser/@babel/types": ["@babel/types@8.0.0-rc.1", "", { "dependencies": { "@babel/helper-string-parser": "^8.0.0-rc.1", "@babel/helper-validator-identifier": "^8.0.0-rc.1" } }, "sha512-ubmJ6TShyaD69VE9DQrlXcdkvJbmwWPB8qYj0H2kaJi29O7vJT9ajSdBd2W8CG34pwL9pYA74fi7RHC1qbLoVQ=="],

    "bun-types/@types/node/undici-types": ["undici-types@7.16.0", "", {}, "sha512-Zz+aZWSj8LE6zoxD+xrjh4VfkIG8Ya6LvYkZqtUQGJPZjYl53ypCaUwWqo7eI0x66KBGeRo+mlBEkMSeSZ38Nw=="],

    "string-width/strip-ansi/ansi-regex": ["ansi-regex@6.2.2", "", {}, "sha512-Bq3SmSpyFHaWjPk8If9yc6svM8c56dB5BAtW4Qbw5jHTwwXXcTLoRMkpDJp6VL0XzlWaCHTXrkFURMYmD0sLqg=="],

    "ast-kit/@babel/parser/@babel/types/@babel/helper-validator-identifier": ["@babel/helper-validator-identifier@8.0.0-rc.1", "", {}, "sha512-I4YnARytXC2RzkLNVnf5qFNFMzp679qZpmtw/V3Jt2uGnWiIxyJtaukjG7R8pSx8nG2NamICpGfljQsogj+FbQ=="],
  }
}
