{
  "lockfileVersion": 1,
  "configVersion": 0,
  "workspaces": {
    "": {
      "name": "apple-protocols",
      "devDependencies": {
        "@basmilius/tools": "^2.23.0",
        "@types/bun": "^1.3.8",
        "typescript": "^5.9.3",
      },
    },
    "packages/airplay": {
      "name": "@basmilius/apple-airplay",
      "version": "0.0.0",
      "dependencies": {
        "@basmilius/apple-common": "workspace:*",
        "@basmilius/apple-encoding": "workspace:*",
        "@basmilius/apple-encryption": "workspace:*",
        "@bufbuild/protobuf": "^2.11.0",
      },
      "devDependencies": {
        "@basmilius/tools": "^2.23.0",
        "@bufbuild/buf": "^1.65.0",
        "@bufbuild/protoc-gen-es": "^2.11.0",
        "@types/bun": "^1.3.8",
      },
    },
    "packages/common": {
      "name": "@basmilius/apple-common",
      "version": "0.0.0",
      "dependencies": {
        "@basmilius/apple-encoding": "workspace:*",
        "@basmilius/apple-encryption": "workspace:*",
        "fast-srp-hap": "^2.0.4",
        "node-dns-sd": "^1.0.1",
      },
      "devDependencies": {
        "@basmilius/tools": "^2.23.0",
        "@types/bun": "^1.3.8",
        "uuid": "^13.0.0",
      },
    },
    "packages/companion-link": {
      "name": "@basmilius/apple-companion-link",
      "version": "0.0.0",
      "dependencies": {
        "@basmilius/apple-common": "workspace:*",
        "@basmilius/apple-encoding": "workspace:*",
        "@basmilius/apple-encryption": "workspace:*",
      },
      "devDependencies": {
        "@basmilius/tools": "^2.23.0",
        "@types/bun": "^1.3.8",
      },
    },
    "packages/devices": {
      "name": "@basmilius/apple-devices",
      "version": "0.0.0",
      "dependencies": {
        "@basmilius/apple-airplay": "workspace:*",
        "@basmilius/apple-common": "workspace:*",
        "@basmilius/apple-companion-link": "workspace:*",
        "@basmilius/apple-encoding": "workspace:*",
      },
      "devDependencies": {
        "@basmilius/tools": "^2.23.0",
        "@types/bun": "^1.3.8",
        "@types/lodash-es": "^4.17.12",
        "lodash-es": "^4.17.23",
      },
    },
    "packages/encoding": {
      "name": "@basmilius/apple-encoding",
      "version": "0.0.0",
      "devDependencies": {
        "@basmilius/tools": "^2.23.0",
        "@plist/binary.parse": "^1.1.0",
        "@plist/binary.serialize": "^1.1.0",
        "@types/bun": "^1.3.8",
      },
    },
    "packages/encryption": {
      "name": "@basmilius/apple-encryption",
      "version": "0.0.0",
      "devDependencies": {
        "@basmilius/tools": "^2.23.0",
        "@stablelib/chacha20poly1305": "^2.0.1",
        "@types/bun": "^1.3.8",
        "tweetnacl": "^1.0.3",
      },
    },
  },
  "packages": {
    "@basmilius/apple-airplay": ["@basmilius/apple-airplay@workspace:packages/airplay"],

    "@basmilius/apple-common": ["@basmilius/apple-common@workspace:packages/common"],

    "@basmilius/apple-companion-link": ["@basmilius/apple-companion-link@workspace:packages/companion-link"],

    "@basmilius/apple-devices": ["@basmilius/apple-devices@workspace:packages/devices"],

    "@basmilius/apple-encoding": ["@basmilius/apple-encoding@workspace:packages/encoding"],

    "@basmilius/apple-encryption": ["@basmilius/apple-encryption@workspace:packages/encryption"],

    "@basmilius/tools": ["@basmilius/tools@2.23.0", "", { "dependencies": { "oxc-transform": "^0.105.0" } }, "sha512-837S2H5m9EQQteTH3tDV0PvwvHcCVjben8sTd9SVZwxhnHng54Mb0je3yvs2pAK1Xj8W7Npn6Uku/1TGbQ9cBg=="],

    "@bufbuild/buf": ["@bufbuild/buf@1.65.0", "", { "optionalDependencies": { "@bufbuild/buf-darwin-arm64": "1.65.0", "@bufbuild/buf-darwin-x64": "1.65.0", "@bufbuild/buf-linux-aarch64": "1.65.0", "@bufbuild/buf-linux-armv7": "1.65.0", "@bufbuild/buf-linux-x64": "1.65.0", "@bufbuild/buf-win32-arm64": "1.65.0", "@bufbuild/buf-win32-x64": "1.65.0" }, "bin": { "buf": "bin/buf", "protoc-gen-buf-breaking": "bin/protoc-gen-buf-breaking", "protoc-gen-buf-lint": "bin/protoc-gen-buf-lint" } }, "sha512-IQmIBB2CGbJAwx1NkuAWMuj4QGPnZ8mujbf4ckx9t6KI9EzfUzql1OyKi9qPrxlLAciI+kBIyPDQ2MIvXTxWUg=="],

    "@bufbuild/buf-darwin-arm64": ["@bufbuild/buf-darwin-arm64@1.65.0", "", { "os": "darwin", "cpu": "arm64" }, "sha512-2U8CHjW1ysINYKwIPcc4WAiQPxe91RIjNtjpg+RC9rP0aZ7TpGm5MTMY5l3sN4drtmKdb9rBs3bMQsMNhSc90A=="],

    "@bufbuild/buf-darwin-x64": ["@bufbuild/buf-darwin-x64@1.65.0", "", { "os": "darwin", "cpu": "x64" }, "sha512-aMqfc6pQC4L9dZpSD61XCEpPWKEtb1rXDPkK0/tzrfTWodnbaJ/elNoxsCGzbZVSMFeAdomUpXmSMrk8ALfWWw=="],

    "@bufbuild/buf-linux-aarch64": ["@bufbuild/buf-linux-aarch64@1.65.0", "", { "os": "linux", "cpu": "arm64" }, "sha512-gzqvY4PLRQ7g0+RlE9g+OL/6yPd5szG7e3Wd5bgjJzfKaQerNiQWaGyPLdcRsIM/WxJhT5e5lG8OrrWHwgQ9Ig=="],

    "@bufbuild/buf-linux-armv7": ["@bufbuild/buf-linux-armv7@1.65.0", "", { "os": "linux", "cpu": "arm" }, "sha512-RpYFuPr9MKniD+WNfDgCclyvMu+/w9kK41OWr9sNnbS2BorujskwPiY0iTf5j+8+n/MeAnLIGlyC36+vUB/wIw=="],

    "@bufbuild/buf-linux-x64": ["@bufbuild/buf-linux-x64@1.65.0", "", { "os": "linux", "cpu": "x64" }, "sha512-0j06h1uKCXlOtrlNcTBkURazT+AwMNvuVxgJsYeUDnSliN05QS7LnBzPOwKg76ariSqlLo+QXk9eNtdhgVjYOg=="],

    "@bufbuild/buf-win32-arm64": ["@bufbuild/buf-win32-arm64@1.65.0", "", { "os": "win32", "cpu": "arm64" }, "sha512-KBFsQ3iEityUuLTUCoXAO6ZTGUXWljSjK4upqofsYCb4OJeSeVguD7b09efkQt9ymKsXBt5wQicsRdkMJy/VEA=="],

    "@bufbuild/buf-win32-x64": ["@bufbuild/buf-win32-x64@1.65.0", "", { "os": "win32", "cpu": "x64" }, "sha512-vJYzHjncSLdy4sPDW8kLqUldHh6Vucg6KabAflm7CDj29lU/HydV8T+nOVsXkoRMUf4+H/qy8WjnSMEtRkaogA=="],

    "@bufbuild/protobuf": ["@bufbuild/protobuf@2.11.0", "", {}, "sha512-sBXGT13cpmPR5BMgHE6UEEfEaShh5Ror6rfN3yEK5si7QVrtZg8LEPQb0VVhiLRUslD2yLnXtnRzG035J/mZXQ=="],

    "@bufbuild/protoc-gen-es": ["@bufbuild/protoc-gen-es@2.11.0", "", { "dependencies": { "@bufbuild/protobuf": "2.11.0", "@bufbuild/protoplugin": "2.11.0" }, "bin": { "protoc-gen-es": "bin/protoc-gen-es" } }, "sha512-VzQuwEQDXipbZ1soWUuAWm1Z0C3B/IDWGeysnbX6ogJ6As91C2mdvAND/ekQ4YIWgen4d5nqLfIBOWLqCCjYUA=="],

    "@bufbuild/protoplugin": ["@bufbuild/protoplugin@2.11.0", "", { "dependencies": { "@bufbuild/protobuf": "2.11.0", "@typescript/vfs": "^1.6.2", "typescript": "5.4.5" } }, "sha512-lyZVNFUHArIOt4W0+dwYBe5GBwbKzbOy8ObaloEqsw9Mmiwv2O48TwddDoHN4itylC+BaEGqFdI1W8WQt2vWJQ=="],

    "@emnapi/core": ["@emnapi/core@1.7.1", "", { "dependencies": { "@emnapi/wasi-threads": "1.1.0", "tslib": "^2.4.0" } }, "sha512-o1uhUASyo921r2XtHYOHy7gdkGLge8ghBEQHMWmyJFoXlpU58kIrhhN3w26lpQb6dspetweapMn2CSNwQ8I4wg=="],

    "@emnapi/runtime": ["@emnapi/runtime@1.7.1", "", { "dependencies": { "tslib": "^2.4.0" } }, "sha512-PVtJr5CmLwYAU9PZDMITZoR5iAOShYREoR45EyyLrbntV50mdePTgUn4AmOw90Ifcj+x2kRjdzr1HP3RrNiHGA=="],

    "@emnapi/wasi-threads": ["@emnapi/wasi-threads@1.1.0", "", { "dependencies": { "tslib": "^2.4.0" } }, "sha512-WI0DdZ8xFSbgMjR1sFsKABJ/C5OnRrjT06JXbZKexJGrDuPTzZdDYfFlsgcCXCyf+suG5QU2e/y1Wo2V/OapLQ=="],

    "@napi-rs/wasm-runtime": ["@napi-rs/wasm-runtime@1.1.0", "", { "dependencies": { "@emnapi/core": "^1.7.1", "@emnapi/runtime": "^1.7.1", "@tybys/wasm-util": "^0.10.1" } }, "sha512-Fq6DJW+Bb5jaWE69/qOE0D1TUN9+6uWhCeZpdnSBk14pjLcCWR7Q8n49PTSPHazM37JqrsdpEthXy2xn6jWWiA=="],

    "@oxc-transform/binding-android-arm64": ["@oxc-transform/binding-android-arm64@0.105.0", "", { "os": "android", "cpu": "arm64" }, "sha512-DGhC8KYewLlBebMbZxTZCnhvqPAwkyf5Sc+pyHMgCsusghhxR5qHd6GI4NRoHdM/0v5a/pSYyzjCPe32KzMp1g=="],

    "@oxc-transform/binding-darwin-arm64": ["@oxc-transform/binding-darwin-arm64@0.105.0", "", { "os": "darwin", "cpu": "arm64" }, "sha512-ut3WQibJJ+1Vcnzv9meVopm5qz62dRoeX2APU2YpkE1OY+VxHAKutJdfKjLGip05Ef5HItLt24ijBLYeTnh/fQ=="],

    "@oxc-transform/binding-darwin-x64": ["@oxc-transform/binding-darwin-x64@0.105.0", "", { "os": "darwin", "cpu": "x64" }, "sha512-1UCqWO+JIQ/qltM+qNaFxeSMydPRSe5JEFvnoyM0Kganl/NeCTlNrIUOEWdmY9pIitBHEBEotROoExBdp/CjpA=="],

    "@oxc-transform/binding-freebsd-x64": ["@oxc-transform/binding-freebsd-x64@0.105.0", "", { "os": "freebsd", "cpu": "x64" }, "sha512-W+aXW4tL3AJ7oIBSW8hbDcqYCHYeSrKc+Fe/ysFlN9rfBWE+Rq1hNWZ9OhC+HGQqZmNTozl/skO8BM0XXepzkw=="],

    "@oxc-transform/binding-linux-arm-gnueabihf": ["@oxc-transform/binding-linux-arm-gnueabihf@0.105.0", "", { "os": "linux", "cpu": "arm" }, "sha512-SOkv+2LnRBrR2et5r/kVB835LW24b3oKdqOHlt4VpWHowUChmcEoLQ78Xj0lcO9WYz7oihMk+psKZSAisce7FQ=="],

    "@oxc-transform/binding-linux-arm64-gnu": ["@oxc-transform/binding-linux-arm64-gnu@0.105.0", "", { "os": "linux", "cpu": "arm64" }, "sha512-CEoCuy4IB9oSgdTVWgP630c+PH5mhtyHxqWgeupTok/0U8WmZYOJv8ebks9qLB8ksKIn91F+ChuE5kmE+iJhJQ=="],

    "@oxc-transform/binding-linux-arm64-musl": ["@oxc-transform/binding-linux-arm64-musl@0.105.0", "", { "os": "linux", "cpu": "arm64" }, "sha512-ZR5yR/Eh5ve8+cxMnnhscadN5ev6jpAQWPZpJd/PGMDPDbE5AFbhHFEBurmUo09vPF4s12QabMsRk3dz70jn0Q=="],

    "@oxc-transform/binding-linux-riscv64-gnu": ["@oxc-transform/binding-linux-riscv64-gnu@0.105.0", "", { "os": "linux", "cpu": "none" }, "sha512-rowG6vGQMEoJPryhg40ksyfDpULbJeDHIZuNzIIDRuTi6GwxgXCA3fZk1F3gh6n+asCqEMYJJ3mcndcDXPIOtA=="],

    "@oxc-transform/binding-linux-s390x-gnu": ["@oxc-transform/binding-linux-s390x-gnu@0.105.0", "", { "os": "linux", "cpu": "s390x" }, "sha512-oN3wPVwFXmWRYgJpuKpKnGqFzE0wX6+ZDRB0SYMYzplTZeRWX/CDeIXYnEFCCWUeDf0PC/LEEc94ZndgiroddQ=="],

    "@oxc-transform/binding-linux-x64-gnu": ["@oxc-transform/binding-linux-x64-gnu@0.105.0", "", { "os": "linux", "cpu": "x64" }, "sha512-AWYMf+rqSKsd208K0VF+InXs2QMaF5PIzMdHofelXJksIjhc2C4AJbQOWedeCyCJ8X04bjTtVJy4kD8RHvZP/Q=="],

    "@oxc-transform/binding-linux-x64-musl": ["@oxc-transform/binding-linux-x64-musl@0.105.0", "", { "os": "linux", "cpu": "x64" }, "sha512-0wJamm+2HyzegH1bmssak1K6uGFAU9bLuVAiSfiQrLMZQtRvorbdF0nn7TZspP3CjJivT8bYMUvzdJdUz7rYQw=="],

    "@oxc-transform/binding-openharmony-arm64": ["@oxc-transform/binding-openharmony-arm64@0.105.0", "", { "os": "none", "cpu": "arm64" }, "sha512-auAZW1//kFGVosmTB4dehCK1c12V3/KbtoZXBzG4PV4BJmxl89m4qKQopi8l/CXmh1i/DrXyF5Wem13SK0QBbA=="],

    "@oxc-transform/binding-wasm32-wasi": ["@oxc-transform/binding-wasm32-wasi@0.105.0", "", { "dependencies": { "@napi-rs/wasm-runtime": "^1.1.0" }, "cpu": "none" }, "sha512-n8HnjlyxNaAOK4/eH2oltCGrM7PKzWY26cOXFV/linDxxWZNUs/0UCKDJSswzSITVDEzI07YFCS8bZmk7hLPxg=="],

    "@oxc-transform/binding-win32-arm64-msvc": ["@oxc-transform/binding-win32-arm64-msvc@0.105.0", "", { "os": "win32", "cpu": "arm64" }, "sha512-r7RvWk57bdZZ/7cQ4ypOsJWZT8l3j9CU6mntLde+8u4UXUX0RgkaEjMp72B5ytheA3mxSJdCoiPTG4CY56Ul3w=="],

    "@oxc-transform/binding-win32-x64-msvc": ["@oxc-transform/binding-win32-x64-msvc@0.105.0", "", { "os": "win32", "cpu": "x64" }, "sha512-/3JlrLpIVNzSwUjg0rGFU9zHXcF1KKVRUUV6HP34FCpr6vdX/bo7QELOrXevP76oQYfiqye1VjXeZeL+rgaM2w=="],

    "@plist/binary.parse": ["@plist/binary.parse@1.1.0", "", { "dependencies": { "@plist/common": "^1.1.0" } }, "sha512-0Bkyt9rCZnlEHQghafWStePBMquIne+9Z9nFTns8OF3ku4QsQ2HMdSSM1MvQfc+6JOU0Q5JlGvAPEUtP9meFsw=="],

    "@plist/binary.serialize": ["@plist/binary.serialize@1.1.0", "", { "dependencies": { "@plist/common": "^1.1.0" } }, "sha512-+CveX99bM1fqlxIaGyD7YbKLpK411qjAW8FHpCuigUyxLTgo28WOXEBxrYaUZGuMPEv6fsDI5e+E2pLvRfcdtA=="],

    "@plist/common": ["@plist/common@1.1.0", "", {}, "sha512-zZAx3dLVsDaW/ulxCbHS3ptVUnO5XEPQ75UPyNJpwPdv9ViWLYXQmbYNmFR8thKpw067RAORuQpBWHvKPffvIg=="],

    "@stablelib/aead": ["@stablelib/aead@2.0.0", "", {}, "sha512-U/RMANRxbT/ahIpYsPSiFwDFNjADHdnCFfmo09MO1ai2XmerPAOPtMl0qmX7XVvygnACC6ijKDyHBoT2rGyElg=="],

    "@stablelib/binary": ["@stablelib/binary@2.0.1", "", { "dependencies": { "@stablelib/int": "^2.0.1" } }, "sha512-U9iAO8lXgEDONsA0zPPSgcf3HUBNAqHiJmSHgZz62OvC3Hi2Bhc5kTnQ3S1/L+sthDTHtCMhcEiklmIly6uQ3w=="],

    "@stablelib/chacha": ["@stablelib/chacha@2.0.1", "", { "dependencies": { "@stablelib/binary": "^2.0.1", "@stablelib/wipe": "^2.0.1" } }, "sha512-lS1FqtNqofxe2vLkRsLli2m3x/XanUyAYRphLhdHumKeIsLbjbCXdCq3Pf/eWiO7G3QlSG5ViqnoVjktzfLWMg=="],

    "@stablelib/chacha20poly1305": ["@stablelib/chacha20poly1305@2.0.1", "", { "dependencies": { "@stablelib/aead": "^2.0.0", "@stablelib/binary": "^2.0.1", "@stablelib/chacha": "^2.0.1", "@stablelib/constant-time": "^2.0.1", "@stablelib/poly1305": "^2.0.1", "@stablelib/wipe": "^2.0.1" } }, "sha512-kOoBsXbDPVRlelzXl+5WViycgM19lD7lF3Bc3KWI+DzId0Stc2HlxAfSc+Xpn3RgqSCl1ZNTXr33LegqBhBBaw=="],

    "@stablelib/constant-time": ["@stablelib/constant-time@2.0.1", "", {}, "sha512-0NWPogffRm+UWBH0+iM5otZmNrVe5OHFIvyoNIVankMAYOQzMwcdVALOVPrB5Ho0dST+Oc3H8/hPh65Z8R/uew=="],

    "@stablelib/int": ["@stablelib/int@2.0.1", "", {}, "sha512-Ht63fQp3wz/F8U4AlXEPb7hfJOIILs8Lq55jgtD7KueWtyjhVuzcsGLSTAWtZs3XJDZYdF1WcSKn+kBtbzupww=="],

    "@stablelib/poly1305": ["@stablelib/poly1305@2.0.1", "", { "dependencies": { "@stablelib/constant-time": "^2.0.1", "@stablelib/wipe": "^2.0.1" } }, "sha512-D8xfZcL/5zeVARJ9I2fZOUCnZvsJx8G4JDQvD+ecsnaCildPtqZDwqqjtOc4cfHAdScrMjOzUVsssjXUTBw3YQ=="],

    "@stablelib/wipe": ["@stablelib/wipe@2.0.1", "", {}, "sha512-1eU2K9EgOcV4qc9jcP6G72xxZxEm5PfeI5H55l08W95b4oRJaqhmlWRc4xZAm6IVSKhVNxMi66V67hCzzuMTAg=="],

    "@tybys/wasm-util": ["@tybys/wasm-util@0.10.1", "", { "dependencies": { "tslib": "^2.4.0" } }, "sha512-9tTaPJLSiejZKx+Bmog4uSubteqTvFrVrURwkmHixBo0G4seD0zUxp98E1DzUBJxLQ3NPwXrGKDiVjwx/DpPsg=="],

    "@types/bun": ["@types/bun@1.3.8", "", { "dependencies": { "bun-types": "1.3.8" } }, "sha512-3LvWJ2q5GerAXYxO2mffLTqOzEu5qnhEAlh48Vnu8WQfnmSwbgagjGZV6BoHKJztENYEDn6QmVd949W4uESRJA=="],

    "@types/lodash": ["@types/lodash@4.17.21", "", {}, "sha512-FOvQ0YPD5NOfPgMzJihoT+Za5pdkDJWcbpuj1DjaKZIr/gxodQjY/uWEFlTNqW2ugXHUiL8lRQgw63dzKHZdeQ=="],

    "@types/lodash-es": ["@types/lodash-es@4.17.12", "", { "dependencies": { "@types/lodash": "*" } }, "sha512-0NgftHUcV4v34VhXm8QBSftKVXtbkBG3ViCjs6+eJ5a6y6Mi/jiFGPc1sC7QK+9BFhWrURE3EOggmWaSxL9OzQ=="],

    "@types/node": ["@types/node@24.9.2", "", { "dependencies": { "undici-types": "~7.16.0" } }, "sha512-uWN8YqxXxqFMX2RqGOrumsKeti4LlmIMIyV0lgut4jx7KQBcBiW6vkDtIBvHnHIquwNfJhk8v2OtmO8zXWHfPA=="],

    "@typescript/vfs": ["@typescript/vfs@1.6.2", "", { "dependencies": { "debug": "^4.1.1" }, "peerDependencies": { "typescript": "*" } }, "sha512-hoBwJwcbKHmvd2QVebiytN1aELvpk9B74B4L1mFm/XT1Q/VOYAWl2vQ9AWRFtQq8zmz6enTpfTV8WRc4ATjW/g=="],

    "bun-types": ["bun-types@1.3.8", "", { "dependencies": { "@types/node": "*" } }, "sha512-fL99nxdOWvV4LqjmC+8Q9kW3M4QTtTR1eePs94v5ctGqU8OeceWrSUaRw3JYb7tU3FkMIAjkueehrHPPPGKi5Q=="],

    "debug": ["debug@4.4.3", "", { "dependencies": { "ms": "^2.1.3" } }, "sha512-RGwwWnwQvkVfavKVt22FGLw+xYSdzARwm0ru6DhTVA3umU5hZc28V3kO4stgYryrTlLpuvgI9GiijltAjNbcqA=="],

    "fast-srp-hap": ["fast-srp-hap@2.0.4", "", {}, "sha512-lHRYYaaIbMrhZtsdGTwPN82UbqD9Bv8QfOlKs+Dz6YRnByZifOh93EYmf2iEWFtkOEIqR2IK8cFD0UN5wLIWBQ=="],

    "lodash-es": ["lodash-es@4.17.23", "", {}, "sha512-kVI48u3PZr38HdYz98UmfPnXl2DXrpdctLrFLCd3kOx1xUkOmpFPx7gCWWM5MPkL/fD8zb+Ph0QzjGFs4+hHWg=="],

    "ms": ["ms@2.1.3", "", {}, "sha512-6FlzubTLZG3J2a/NVCAleEhjzq5oxgHyaCU9yYXvcLsvoVaHJq/s5xXI6/XXP6tz7R9xAOtHnSO/tXtF3WRTlA=="],

    "node-dns-sd": ["node-dns-sd@1.0.1", "", {}, "sha512-GCL6FgvkHoDnvJ1Yamf8mY16lYymWmYxjne4q1MC9C8sTZn9XR3BbwsrBQGikMESMFDFLC5MovNZn6wFl1yrdQ=="],

    "oxc-transform": ["oxc-transform@0.105.0", "", { "optionalDependencies": { "@oxc-transform/binding-android-arm64": "0.105.0", "@oxc-transform/binding-darwin-arm64": "0.105.0", "@oxc-transform/binding-darwin-x64": "0.105.0", "@oxc-transform/binding-freebsd-x64": "0.105.0", "@oxc-transform/binding-linux-arm-gnueabihf": "0.105.0", "@oxc-transform/binding-linux-arm64-gnu": "0.105.0", "@oxc-transform/binding-linux-arm64-musl": "0.105.0", "@oxc-transform/binding-linux-riscv64-gnu": "0.105.0", "@oxc-transform/binding-linux-s390x-gnu": "0.105.0", "@oxc-transform/binding-linux-x64-gnu": "0.105.0", "@oxc-transform/binding-linux-x64-musl": "0.105.0", "@oxc-transform/binding-openharmony-arm64": "0.105.0", "@oxc-transform/binding-wasm32-wasi": "0.105.0", "@oxc-transform/binding-win32-arm64-msvc": "0.105.0", "@oxc-transform/binding-win32-x64-msvc": "0.105.0" } }, "sha512-gp8peUNrB/hmSl2ijuWFkDv0PpAt///S9fwXEevORFpeuZlOJ9gE13ZItT9pP6B1f8vAKMwqYBwCxr7Fs9it6w=="],

    "tslib": ["tslib@2.8.1", "", {}, "sha512-oJFu94HQb+KVduSUQL7wnpmqnfmLsOA/nAh6b6EH0wCEoK0/mPeXU6c3wKDV83MkOuHPRHtSXKKU99IBazS/2w=="],

    "tweetnacl": ["tweetnacl@1.0.3", "", {}, "sha512-6rt+RN7aOi1nGMyC4Xa5DdYiukl2UWCbcJft7YhxReBGQD7OAM8Pbxw6YMo4r2diNEA8FEmu32YOn9rhaiE5yw=="],

    "typescript": ["typescript@5.9.3", "", { "bin": { "tsc": "bin/tsc", "tsserver": "bin/tsserver" } }, "sha512-jl1vZzPDinLr9eUt3J/t7V6FgNEw9QjvBPdysz9KfQDD41fQrC2Y4vKQdiaUpFT4bXlb1RHhLpp8wtm6M5TgSw=="],

    "undici-types": ["undici-types@7.16.0", "", {}, "sha512-Zz+aZWSj8LE6zoxD+xrjh4VfkIG8Ya6LvYkZqtUQGJPZjYl53ypCaUwWqo7eI0x66KBGeRo+mlBEkMSeSZ38Nw=="],

    "uuid": ["uuid@13.0.0", "", { "bin": { "uuid": "dist-node/bin/uuid" } }, "sha512-XQegIaBTVUjSHliKqcnFqYypAd4S+WCYt5NIeRs6w/UAry7z8Y9j5ZwRRL4kzq9U3sD6v+85er9FvkEaBpji2w=="],

    "@bufbuild/protoplugin/typescript": ["typescript@5.4.5", "", { "bin": { "tsc": "bin/tsc", "tsserver": "bin/tsserver" } }, "sha512-vcI4UpRgg81oIRUFwR0WSIHKt11nJ7SAVlYNIu+QpqeyXP+gpQJy/Z4+F0aGxSE4MqwjyXvW/TzgkLAx2AGHwQ=="],
  }
}
